
Microsoft Visual Studio Solution File, Format Version 12.00
# Visual Studio Version 16
VisualStudioVersion = 16.0.31911.196
MinimumVisualStudioVersion = 10.0.40219.1
Project("{8BC9CEB8-8B4A-11D0-8D11-00A0C91BC942}") = "libpng", "libpng\libpng.vcxproj", "{ED3B0789-A835-4280-9035-B9A1F928CE69}"
	ProjectSection(ProjectDependencies) = postProject
		{60D3E4AB-669C-41CF-AC8E-AB5E6DF3CA6C} = {60D3E4AB-669C-41CF-AC8E-AB5E6DF3CA6C}
	EndProjectSection
EndProject
Project("{8BC9CEB8-8B4A-11D0-8D11-00A0C91BC942}") = "libzlib", "zlib\libzlib.vcxproj", "{60D3E4AB-669C-41CF-AC8E-AB5E6DF3CA6C}"
EndProject
Project("{8BC9CEB8-8B4A-11D0-8D11-00A0C91BC942}") = "libtiff", "libtiff\libtiff.vcxproj", "{B3F1BDF6-C8B3-4A9B-A15B-223725F0F575}"
	ProjectSection(ProjectDependencies) = postProject
		{A9ADC342-1609-44C9-8BF6-7726E9496534} = {A9ADC342-1609-44C9-8BF6-7726E9496534}
		{60D3E4AB-669C-41CF-AC8E-AB5E6DF3CA6C} = {60D3E4AB-669C-41CF-AC8E-AB5E6DF3CA6C}
		{F58359E1-B0E9-4D8B-BC36-06A7265DF59A} = {F58359E1-B0E9-4D8B-BC36-06A7265DF59A}
	EndProjectSection
EndProject
Project("{8BC9CEB8-8B4A-11D0-8D11-00A0C91BC942}") = "libjpeg", "libjpeg\libjpeg.vcxproj", "{F58359E1-B0E9-4D8B-BC36-06A7265DF59A}"
EndProject
Project("{8BC9CEB8-8B4A-11D0-8D11-00A0C91BC942}") = "ShadowPack", "ShadowPack\ShadowPack.vcxproj", "{CE7AE7CD-B0BD-4F48-B3B6-105B6D3F6C7A}"
	ProjectSection(ProjectDependencies) = postProject
		{0A574403-D55A-4D8C-86A5-B691CE61655D} = {0A574403-D55A-4D8C-86A5-B691CE61655D}
		{3A214E06-B95E-4D61-A291-1F8DF2EC10FD} = {3A214E06-B95E-4D61-A291-1F8DF2EC10FD}
		{AFF27A26-C088-444B-BC2A-0BA94A02AFA7} = {AFF27A26-C088-444B-BC2A-0BA94A02AFA7}
		{A71D2131-F425-381F-8A9A-29D60132A046} = {A71D2131-F425-381F-8A9A-29D60132A046}
		{A9ADC342-1609-44C9-8BF6-7726E9496534} = {A9ADC342-1609-44C9-8BF6-7726E9496534}
		{5EF3B476-E06F-4CA0-BF34-211ED8AB2652} = {5EF3B476-E06F-4CA0-BF34-211ED8AB2652}
		{65816179-4DEB-4F1B-A777-1F0BC027D24D} = {65816179-4DEB-4F1B-A777-1F0BC027D24D}
		{4CEFBC84-C215-11DB-8314-0800200C9A66} = {4CEFBC84-C215-11DB-8314-0800200C9A66}
		{ED3B0789-A835-4280-9035-B9A1F928CE69} = {ED3B0789-A835-4280-9035-B9A1F928CE69}
		{60D3E4AB-669C-41CF-AC8E-AB5E6DF3CA6C} = {60D3E4AB-669C-41CF-AC8E-AB5E6DF3CA6C}
		{D39DC0B0-D09E-4D28-935B-F31B93A787EA} = {D39DC0B0-D09E-4D28-935B-F31B93A787EA}
		{51CF70D8-7239-4CFA-A264-D68E04A08016} = {51CF70D8-7239-4CFA-A264-D68E04A08016}
		{F58359E1-B0E9-4D8B-BC36-06A7265DF59A} = {F58359E1-B0E9-4D8B-BC36-06A7265DF59A}
		{B3F1BDF6-C8B3-4A9B-A15B-223725F0F575} = {B3F1BDF6-C8B3-4A9B-A15B-223725F0F575}
	EndProjectSection
EndProject
Project("{8BC9CEB8-8B4A-11D0-8D11-00A0C91BC942}") = "libjbig", "libjbig\libjbig.vcxproj", "{51CF70D8-7239-4CFA-A264-D68E04A08016}"
EndProject
Project("{8BC9CEB8-8B4A-11D0-8D11-00A0C91BC942}") = "liblzma", "liblzma\liblzma.vcxproj", "{A9ADC342-1609-44C9-8BF6-7726E9496534}"
EndProject
Project("{8BC9CEB8-8B4A-11D0-8D11-00A0C91BC942}") = "libraw", "libraw\buildfiles\libraw.vcxproj", "{A71D2131-F425-381F-8A9A-29D60132A046}"
EndProject
Project("{8BC9CEB8-8B4A-11D0-8D11-00A0C91BC942}") = "libnetpbm", "libnetpbm\libnetpbm.vcxproj", "{D39DC0B0-D09E-4D28-935B-F31B93A787EA}"
EndProject
Project("{8BC9CEB8-8B4A-11D0-8D11-00A0C91BC942}") = "langEnglishUS", "langEnglishUS\langEnglishUS.vcxproj", "{5EF3B476-E06F-4CA0-BF34-211ED8AB2652}"
EndProject
Project("{8BC9CEB8-8B4A-11D0-8D11-00A0C91BC942}") = "test", "test\test.vcxproj", "{691695CC-5FB9-46C5-A9A3-9AFBB5A5384C}"
	ProjectSection(ProjectDependencies) = postProject
		{A71D2131-F425-381F-8A9A-29D60132A046} = {A71D2131-F425-381F-8A9A-29D60132A046}
		{A9ADC342-1609-44C9-8BF6-7726E9496534} = {A9ADC342-1609-44C9-8BF6-7726E9496534}
		{ED3B0789-A835-4280-9035-B9A1F928CE69} = {ED3B0789-A835-4280-9035-B9A1F928CE69}
		{60D3E4AB-669C-41CF-AC8E-AB5E6DF3CA6C} = {60D3E4AB-669C-41CF-AC8E-AB5E6DF3CA6C}
		{D39DC0B0-D09E-4D28-935B-F31B93A787EA} = {D39DC0B0-D09E-4D28-935B-F31B93A787EA}
		{51CF70D8-7239-4CFA-A264-D68E04A08016} = {51CF70D8-7239-4CFA-A264-D68E04A08016}
		{F58359E1-B0E9-4D8B-BC36-06A7265DF59A} = {F58359E1-B0E9-4D8B-BC36-06A7265DF59A}
		{B3F1BDF6-C8B3-4A9B-A15B-223725F0F575} = {B3F1BDF6-C8B3-4A9B-A15B-223725F0F575}
	EndProjectSection
EndProject
Project("{8BC9CEB8-8B4A-11D0-8D11-00A0C91BC942}") = "libaudiofile", "libaudiofile\libaudiofile.vcxproj", "{65816179-4DEB-4F1B-A777-1F0BC027D24D}"
	ProjectSection(ProjectDependencies) = postProject
		{AFF27A26-C088-444B-BC2A-0BA94A02AFA7} = {AFF27A26-C088-444B-BC2A-0BA94A02AFA7}
		{4CEFBC84-C215-11DB-8314-0800200C9A66} = {4CEFBC84-C215-11DB-8314-0800200C9A66}
	EndProjectSection
EndProject
Project("{8BC9CEB8-8B4A-11D0-8D11-00A0C91BC942}") = "libFLAC_static", "libflac\src\libFLAC\libFLAC_static.vcxproj", "{4CEFBC84-C215-11DB-8314-0800200C9A66}"
	ProjectSection(ProjectDependencies) = postProject
		{AFF27A26-C088-444B-BC2A-0BA94A02AFA7} = {AFF27A26-C088-444B-BC2A-0BA94A02AFA7}
	EndProjectSection
EndProject
Project("{8BC9CEB8-8B4A-11D0-8D11-00A0C91BC942}") = "libogg", "libogg\win32\VS2015\libogg.vcxproj", "{AFF27A26-C088-444B-BC2A-0BA94A02AFA7}"
EndProject
Project("{8BC9CEB8-8B4A-11D0-8D11-00A0C91BC942}") = "libsndfile", "libsndfile\libsndfile.vcxproj", "{0A574403-D55A-4D8C-86A5-B691CE61655D}"
	ProjectSection(ProjectDependencies) = postProject
		{3A214E06-B95E-4D61-A291-1F8DF2EC10FD} = {3A214E06-B95E-4D61-A291-1F8DF2EC10FD}
		{AFF27A26-C088-444B-BC2A-0BA94A02AFA7} = {AFF27A26-C088-444B-BC2A-0BA94A02AFA7}
		{4CEFBC84-C215-11DB-8314-0800200C9A66} = {4CEFBC84-C215-11DB-8314-0800200C9A66}
	EndProjectSection
EndProject
Project("{8BC9CEB8-8B4A-11D0-8D11-00A0C91BC942}") = "libvorbis_static", "libvorbis\win32\VS2010\libvorbis\libvorbis_static.vcxproj", "{3A214E06-B95E-4D61-A291-1F8DF2EC10FD}"
EndProject
Global
	GlobalSection(SolutionConfigurationPlatforms) = preSolution
		Debug|Win32 = Debug|Win32
		Debug|x64 = Debug|x64
		Release|Win32 = Release|Win32
		Release|x64 = Release|x64
	EndGlobalSection
	GlobalSection(ProjectConfigurationPlatforms) = postSolution
		{ED3B0789-A835-4280-9035-B9A1F928CE69}.Debug|Win32.ActiveCfg = Debug|Win32
		{ED3B0789-A835-4280-9035-B9A1F928CE69}.Debug|Win32.Build.0 = Debug|Win32
		{ED3B0789-A835-4280-9035-B9A1F928CE69}.Debug|x64.ActiveCfg = Debug|x64
		{ED3B0789-A835-4280-9035-B9A1F928CE69}.Debug|x64.Build.0 = Debug|x64
		{ED3B0789-A835-4280-9035-B9A1F928CE69}.Release|Win32.ActiveCfg = Release|Win32
		{ED3B0789-A835-4280-9035-B9A1F928CE69}.Release|Win32.Build.0 = Release|Win32
		{ED3B0789-A835-4280-9035-B9A1F928CE69}.Release|x64.ActiveCfg = Release|x64
		{ED3B0789-A835-4280-9035-B9A1F928CE69}.Release|x64.Build.0 = Release|x64
		{60D3E4AB-669C-41CF-AC8E-AB5E6DF3CA6C}.Debug|Win32.ActiveCfg = Debug|Win32
		{60D3E4AB-669C-41CF-AC8E-AB5E6DF3CA6C}.Debug|Win32.Build.0 = Debug|Win32
		{60D3E4AB-669C-41CF-AC8E-AB5E6DF3CA6C}.Debug|x64.ActiveCfg = Debug|x64
		{60D3E4AB-669C-41CF-AC8E-AB5E6DF3CA6C}.Debug|x64.Build.0 = Debug|x64
		{60D3E4AB-669C-41CF-AC8E-AB5E6DF3CA6C}.Release|Win32.ActiveCfg = Release|Win32
		{60D3E4AB-669C-41CF-AC8E-AB5E6DF3CA6C}.Release|Win32.Build.0 = Release|Win32
		{60D3E4AB-669C-41CF-AC8E-AB5E6DF3CA6C}.Release|x64.ActiveCfg = Release|x64
		{60D3E4AB-669C-41CF-AC8E-AB5E6DF3CA6C}.Release|x64.Build.0 = Release|x64
		{B3F1BDF6-C8B3-4A9B-A15B-223725F0F575}.Debug|Win32.ActiveCfg = Debug|Win32
		{B3F1BDF6-C8B3-4A9B-A15B-223725F0F575}.Debug|Win32.Build.0 = Debug|Win32
		{B3F1BDF6-C8B3-4A9B-A15B-223725F0F575}.Debug|x64.ActiveCfg = Debug|x64
		{B3F1BDF6-C8B3-4A9B-A15B-223725F0F575}.Debug|x64.Build.0 = Debug|x64
		{B3F1BDF6-C8B3-4A9B-A15B-223725F0F575}.Release|Win32.ActiveCfg = Release|Win32
		{B3F1BDF6-C8B3-4A9B-A15B-223725F0F575}.Release|Win32.Build.0 = Release|Win32
		{B3F1BDF6-C8B3-4A9B-A15B-223725F0F575}.Release|x64.ActiveCfg = Release|x64
		{B3F1BDF6-C8B3-4A9B-A15B-223725F0F575}.Release|x64.Build.0 = Release|x64
		{F58359E1-B0E9-4D8B-BC36-06A7265DF59A}.Debug|Win32.ActiveCfg = Debug|Win32
		{F58359E1-B0E9-4D8B-BC36-06A7265DF59A}.Debug|Win32.Build.0 = Debug|Win32
		{F58359E1-B0E9-4D8B-BC36-06A7265DF59A}.Debug|x64.ActiveCfg = Debug|x64
		{F58359E1-B0E9-4D8B-BC36-06A7265DF59A}.Debug|x64.Build.0 = Debug|x64
		{F58359E1-B0E9-4D8B-BC36-06A7265DF59A}.Release|Win32.ActiveCfg = Release|Win32
		{F58359E1-B0E9-4D8B-BC36-06A7265DF59A}.Release|Win32.Build.0 = Release|Win32
		{F58359E1-B0E9-4D8B-BC36-06A7265DF59A}.Release|x64.ActiveCfg = Release|x64
		{F58359E1-B0E9-4D8B-BC36-06A7265DF59A}.Release|x64.Build.0 = Release|x64
		{CE7AE7CD-B0BD-4F48-B3B6-105B6D3F6C7A}.Debug|Win32.ActiveCfg = Debug|Win32
		{CE7AE7CD-B0BD-4F48-B3B6-105B6D3F6C7A}.Debug|Win32.Build.0 = Debug|Win32
		{CE7AE7CD-B0BD-4F48-B3B6-105B6D3F6C7A}.Debug|x64.ActiveCfg = Debug|x64
		{CE7AE7CD-B0BD-4F48-B3B6-105B6D3F6C7A}.Debug|x64.Build.0 = Debug|x64
		{CE7AE7CD-B0BD-4F48-B3B6-105B6D3F6C7A}.Release|Win32.ActiveCfg = Release|Win32
		{CE7AE7CD-B0BD-4F48-B3B6-105B6D3F6C7A}.Release|Win32.Build.0 = Release|Win32
		{CE7AE7CD-B0BD-4F48-B3B6-105B6D3F6C7A}.Release|x64.ActiveCfg = Release|x64
		{CE7AE7CD-B0BD-4F48-B3B6-105B6D3F6C7A}.Release|x64.Build.0 = Release|x64
		{51CF70D8-7239-4CFA-A264-D68E04A08016}.Debug|Win32.ActiveCfg = Debug|Win32
		{51CF70D8-7239-4CFA-A264-D68E04A08016}.Debug|Win32.Build.0 = Debug|Win32
		{51CF70D8-7239-4CFA-A264-D68E04A08016}.Debug|x64.ActiveCfg = Debug|x64
		{51CF70D8-7239-4CFA-A264-D68E04A08016}.Debug|x64.Build.0 = Debug|x64
		{51CF70D8-7239-4CFA-A264-D68E04A08016}.Release|Win32.ActiveCfg = Release|Win32
		{51CF70D8-7239-4CFA-A264-D68E04A08016}.Release|Win32.Build.0 = Release|Win32
		{51CF70D8-7239-4CFA-A264-D68E04A08016}.Release|x64.ActiveCfg = Release|x64
		{51CF70D8-7239-4CFA-A264-D68E04A08016}.Release|x64.Build.0 = Release|x64
		{A9ADC342-1609-44C9-8BF6-7726E9496534}.Debug|Win32.ActiveCfg = Debug|Win32
		{A9ADC342-1609-44C9-8BF6-7726E9496534}.Debug|Win32.Build.0 = Debug|Win32
		{A9ADC342-1609-44C9-8BF6-7726E9496534}.Debug|x64.ActiveCfg = Debug|x64
		{A9ADC342-1609-44C9-8BF6-7726E9496534}.Debug|x64.Build.0 = Debug|x64
		{A9ADC342-1609-44C9-8BF6-7726E9496534}.Release|Win32.ActiveCfg = Release|Win32
		{A9ADC342-1609-44C9-8BF6-7726E9496534}.Release|Win32.Build.0 = Release|Win32
		{A9ADC342-1609-44C9-8BF6-7726E9496534}.Release|x64.ActiveCfg = Release|x64
		{A9ADC342-1609-44C9-8BF6-7726E9496534}.Release|x64.Build.0 = Release|x64
		{A71D2131-F425-381F-8A9A-29D60132A046}.Debug|Win32.ActiveCfg = Debug|Win32
		{A71D2131-F425-381F-8A9A-29D60132A046}.Debug|Win32.Build.0 = Debug|Win32
		{A71D2131-F425-381F-8A9A-29D60132A046}.Debug|x64.ActiveCfg = Debug|x64
		{A71D2131-F425-381F-8A9A-29D60132A046}.Debug|x64.Build.0 = Debug|x64
		{A71D2131-F425-381F-8A9A-29D60132A046}.Release|Win32.ActiveCfg = Release|Win32
		{A71D2131-F425-381F-8A9A-29D60132A046}.Release|Win32.Build.0 = Release|Win32
		{A71D2131-F425-381F-8A9A-29D60132A046}.Release|x64.ActiveCfg = Release|x64
		{A71D2131-F425-381F-8A9A-29D60132A046}.Release|x64.Build.0 = Release|x64
		{D39DC0B0-D09E-4D28-935B-F31B93A787EA}.Debug|Win32.ActiveCfg = Debug|Win32
		{D39DC0B0-D09E-4D28-935B-F31B93A787EA}.Debug|Win32.Build.0 = Debug|Win32
		{D39DC0B0-D09E-4D28-935B-F31B93A787EA}.Debug|x64.ActiveCfg = Debug|x64
		{D39DC0B0-D09E-4D28-935B-F31B93A787EA}.Debug|x64.Build.0 = Debug|x64
		{D39DC0B0-D09E-4D28-935B-F31B93A787EA}.Release|Win32.ActiveCfg = Release|Win32
		{D39DC0B0-D09E-4D28-935B-F31B93A787EA}.Release|Win32.Build.0 = Release|Win32
		{D39DC0B0-D09E-4D28-935B-F31B93A787EA}.Release|x64.ActiveCfg = Release|x64
		{D39DC0B0-D09E-4D28-935B-F31B93A787EA}.Release|x64.Build.0 = Release|x64
		{5EF3B476-E06F-4CA0-BF34-211ED8AB2652}.Debug|Win32.ActiveCfg = Debug|Win32
		{5EF3B476-E06F-4CA0-BF34-211ED8AB2652}.Debug|Win32.Build.0 = Debug|Win32
		{5EF3B476-E06F-4CA0-BF34-211ED8AB2652}.Debug|x64.ActiveCfg = Debug|x64
		{5EF3B476-E06F-4CA0-BF34-211ED8AB2652}.Debug|x64.Build.0 = Debug|x64
		{5EF3B476-E06F-4CA0-BF34-211ED8AB2652}.Release|Win32.ActiveCfg = Release|Win32
		{5EF3B476-E06F-4CA0-BF34-211ED8AB2652}.Release|Win32.Build.0 = Release|Win32
		{5EF3B476-E06F-4CA0-BF34-211ED8AB2652}.Release|x64.ActiveCfg = Release|x64
		{5EF3B476-E06F-4CA0-BF34-211ED8AB2652}.Release|x64.Build.0 = Release|x64
		{691695CC-5FB9-46C5-A9A3-9AFBB5A5384C}.Debug|Win32.ActiveCfg = Debug|Win32
		{691695CC-5FB9-46C5-A9A3-9AFBB5A5384C}.Debug|Win32.Build.0 = Debug|Win32
		{691695CC-5FB9-46C5-A9A3-9AFBB5A5384C}.Debug|x64.ActiveCfg = Debug|x64
		{691695CC-5FB9-46C5-A9A3-9AFBB5A5384C}.Debug|x64.Build.0 = Debug|x64
		{691695CC-5FB9-46C5-A9A3-9AFBB5A5384C}.Release|Win32.ActiveCfg = Release|Win32
		{691695CC-5FB9-46C5-A9A3-9AFBB5A5384C}.Release|Win32.Build.0 = Release|Win32
		{691695CC-5FB9-46C5-A9A3-9AFBB5A5384C}.Release|x64.ActiveCfg = Release|x64
		{691695CC-5FB9-46C5-A9A3-9AFBB5A5384C}.Release|x64.Build.0 = Release|x64
		{65816179-4DEB-4F1B-A777-1F0BC027D24D}.Debug|Win32.ActiveCfg = Debug|Win32
		{65816179-4DEB-4F1B-A777-1F0BC027D24D}.Debug|Win32.Build.0 = Debug|Win32
		{65816179-4DEB-4F1B-A777-1F0BC027D24D}.Debug|x64.ActiveCfg = Debug|x64
		{65816179-4DEB-4F1B-A777-1F0BC027D24D}.Debug|x64.Build.0 = Debug|x64
		{65816179-4DEB-4F1B-A777-1F0BC027D24D}.Release|Win32.ActiveCfg = Release|Win32
		{65816179-4DEB-4F1B-A777-1F0BC027D24D}.Release|Win32.Build.0 = Release|Win32
		{65816179-4DEB-4F1B-A777-1F0BC027D24D}.Release|x64.ActiveCfg = Release|x64
		{65816179-4DEB-4F1B-A777-1F0BC027D24D}.Release|x64.Build.0 = Release|x64
		{4CEFBC84-C215-11DB-8314-0800200C9A66}.Debug|Win32.ActiveCfg = Debug|Win32
		{4CEFBC84-C215-11DB-8314-0800200C9A66}.Debug|Win32.Build.0 = Debug|Win32
		{4CEFBC84-C215-11DB-8314-0800200C9A66}.Debug|x64.ActiveCfg = Debug|x64
		{4CEFBC84-C215-11DB-8314-0800200C9A66}.Debug|x64.Build.0 = Debug|x64
		{4CEFBC84-C215-11DB-8314-0800200C9A66}.Release|Win32.ActiveCfg = Release|Win32
		{4CEFBC84-C215-11DB-8314-0800200C9A66}.Release|Win32.Build.0 = Release|Win32
		{4CEFBC84-C215-11DB-8314-0800200C9A66}.Release|x64.ActiveCfg = Release|x64
		{4CEFBC84-C215-11DB-8314-0800200C9A66}.Release|x64.Build.0 = Release|x64
		{AFF27A26-C088-444B-BC2A-0BA94A02AFA7}.Debug|Win32.ActiveCfg = Debug|Win32
		{AFF27A26-C088-444B-BC2A-0BA94A02AFA7}.Debug|Win32.Build.0 = Debug|Win32
		{AFF27A26-C088-444B-BC2A-0BA94A02AFA7}.Debug|x64.ActiveCfg = Debug|x64
		{AFF27A26-C088-444B-BC2A-0BA94A02AFA7}.Debug|x64.Build.0 = Debug|x64
		{AFF27A26-C088-444B-BC2A-0BA94A02AFA7}.Release|Win32.ActiveCfg = Release|Win32
		{AFF27A26-C088-444B-BC2A-0BA94A02AFA7}.Release|Win32.Build.0 = Release|Win32
		{AFF27A26-C088-444B-BC2A-0BA94A02AFA7}.Release|x64.ActiveCfg = Release|x64
		{AFF27A26-C088-444B-BC2A-0BA94A02AFA7}.Release|x64.Build.0 = Release|x64
		{0A574403-D55A-4D8C-86A5-B691CE61655D}.Debug|Win32.ActiveCfg = Debug|Win32
		{0A574403-D55A-4D8C-86A5-B691CE61655D}.Debug|Win32.Build.0 = Debug|Win32
		{0A574403-D55A-4D8C-86A5-B691CE61655D}.Debug|x64.ActiveCfg = Debug|x64
		{0A574403-D55A-4D8C-86A5-B691CE61655D}.Debug|x64.Build.0 = Debug|x64
		{0A574403-D55A-4D8C-86A5-B691CE61655D}.Release|Win32.ActiveCfg = Release|Win32
		{0A574403-D55A-4D8C-86A5-B691CE61655D}.Release|Win32.Build.0 = Release|Win32
		{0A574403-D55A-4D8C-86A5-B691CE61655D}.Release|x64.ActiveCfg = Release|x64
		{0A574403-D55A-4D8C-86A5-B691CE61655D}.Release|x64.Build.0 = Release|x64
		{3A214E06-B95E-4D61-A291-1F8DF2EC10FD}.Debug|Win32.ActiveCfg = Debug|Win32
		{3A214E06-B95E-4D61-A291-1F8DF2EC10FD}.Debug|Win32.Build.0 = Debug|Win32
		{3A214E06-B95E-4D61-A291-1F8DF2EC10FD}.Debug|x64.ActiveCfg = Debug|x64
		{3A214E06-B95E-4D61-A291-1F8DF2EC10FD}.Debug|x64.Build.0 = Debug|x64
		{3A214E06-B95E-4D61-A291-1F8DF2EC10FD}.Release|Win32.ActiveCfg = Release|Win32
		{3A214E06-B95E-4D61-A291-1F8DF2EC10FD}.Release|Win32.Build.0 = Release|Win32
		{3A214E06-B95E-4D61-A291-1F8DF2EC10FD}.Release|x64.ActiveCfg = Release|x64
		{3A214E06-B95E-4D61-A291-1F8DF2EC10FD}.Release|x64.Build.0 = Release|x64
	EndGlobalSection
	GlobalSection(SolutionProperties) = preSolution
		HideSolutionNode = FALSE
	EndGlobalSection
	GlobalSection(ExtensibilityGlobals) = postSolution
		SolutionGuid = {F6CE82AD-7A42-4937-9EE1-4BB826878495}
	EndGlobalSection
EndGlobal
