
Microsoft Visual Studio Solution File, Format Version 10.00
# Visual Studio 2008
Project("{8BC9CEB8-8B4A-11D0-8D11-00A0C91BC942}") = "libpng", "libpng\libpng.vcproj", "{ED3B0789-A835-4280-9035-B9A1F928CE69}"
EndProject
Project("{8BC9CEB8-8B4A-11D0-8D11-00A0C91BC942}") = "libzlib", "zlib\libzlib.vcproj", "{60D3E4AB-669C-41CF-AC8E-AB5E6DF3CA6C}"
EndProject
Project("{8BC9CEB8-8B4A-11D0-8D11-00A0C91BC942}") = "libtiff", "libtiff\libtiff.vcproj", "{B3F1BDF6-C8B3-4A9B-A15B-223725F0F575}"
EndProject
Project("{8BC9CEB8-8B4A-11D0-8D11-00A0C91BC942}") = "libjpeg", "libjpeg\libjpeg.vcproj", "{F58359E1-B0E9-4D8B-BC36-06A7265DF59A}"
EndProject
Project("{8BC9CEB8-8B4A-11D0-8D11-00A0C91BC942}") = "ShadowPack", "ShadowPack\ShadowPack.vcproj", "{8F0D44D1-80F0-48E9-AA0F-FD289479A530}"
	ProjectSection(ProjectDependencies) = postProject
		{ED3B0789-A835-4280-9035-B9A1F928CE69} = {ED3B0789-A835-4280-9035-B9A1F928CE69}
		{60D3E4AB-669C-41CF-AC8E-AB5E6DF3CA6C} = {60D3E4AB-669C-41CF-AC8E-AB5E6DF3CA6C}
		{F58359E1-B0E9-4D8B-BC36-06A7265DF59A} = {F58359E1-B0E9-4D8B-BC36-06A7265DF59A}
		{B3F1BDF6-C8B3-4A9B-A15B-223725F0F575} = {B3F1BDF6-C8B3-4A9B-A15B-223725F0F575}
	EndProjectSection
EndProject
Project("{8BC9CEB8-8B4A-11D0-8D11-00A0C91BC942}") = "test", "test\test.vcproj", "{2AA30358-8C79-42DD-A278-CABDF6224216}"
EndProject
Global
	GlobalSection(SolutionConfigurationPlatforms) = preSolution
		Debug|Win32 = Debug|Win32
		Release|Win32 = Release|Win32
	EndGlobalSection
	GlobalSection(ProjectConfigurationPlatforms) = postSolution
		{ED3B0789-A835-4280-9035-B9A1F928CE69}.Debug|Win32.ActiveCfg = Debug|Win32
		{ED3B0789-A835-4280-9035-B9A1F928CE69}.Debug|Win32.Build.0 = Debug|Win32
		{ED3B0789-A835-4280-9035-B9A1F928CE69}.Release|Win32.ActiveCfg = Release|Win32
		{ED3B0789-A835-4280-9035-B9A1F928CE69}.Release|Win32.Build.0 = Release|Win32
		{60D3E4AB-669C-41CF-AC8E-AB5E6DF3CA6C}.Debug|Win32.ActiveCfg = Debug|Win32
		{60D3E4AB-669C-41CF-AC8E-AB5E6DF3CA6C}.Debug|Win32.Build.0 = Debug|Win32
		{60D3E4AB-669C-41CF-AC8E-AB5E6DF3CA6C}.Release|Win32.ActiveCfg = Release|Win32
		{60D3E4AB-669C-41CF-AC8E-AB5E6DF3CA6C}.Release|Win32.Build.0 = Release|Win32
		{B3F1BDF6-C8B3-4A9B-A15B-223725F0F575}.Debug|Win32.ActiveCfg = Debug|Win32
		{B3F1BDF6-C8B3-4A9B-A15B-223725F0F575}.Debug|Win32.Build.0 = Debug|Win32
		{B3F1BDF6-C8B3-4A9B-A15B-223725F0F575}.Release|Win32.ActiveCfg = Release|Win32
		{B3F1BDF6-C8B3-4A9B-A15B-223725F0F575}.Release|Win32.Build.0 = Release|Win32
		{F58359E1-B0E9-4D8B-BC36-06A7265DF59A}.Debug|Win32.ActiveCfg = Debug|Win32
		{F58359E1-B0E9-4D8B-BC36-06A7265DF59A}.Debug|Win32.Build.0 = Debug|Win32
		{F58359E1-B0E9-4D8B-BC36-06A7265DF59A}.Release|Win32.ActiveCfg = Release|Win32
		{F58359E1-B0E9-4D8B-BC36-06A7265DF59A}.Release|Win32.Build.0 = Release|Win32
		{8F0D44D1-80F0-48E9-AA0F-FD289479A530}.Debug|Win32.ActiveCfg = Debug|Win32
		{8F0D44D1-80F0-48E9-AA0F-FD289479A530}.Debug|Win32.Build.0 = Debug|Win32
		{8F0D44D1-80F0-48E9-AA0F-FD289479A530}.Release|Win32.ActiveCfg = Release|Win32
		{8F0D44D1-80F0-48E9-AA0F-FD289479A530}.Release|Win32.Build.0 = Release|Win32
		{2AA30358-8C79-42DD-A278-CABDF6224216}.Debug|Win32.ActiveCfg = Debug|Win32
		{2AA30358-8C79-42DD-A278-CABDF6224216}.Debug|Win32.Build.0 = Debug|Win32
		{2AA30358-8C79-42DD-A278-CABDF6224216}.Release|Win32.ActiveCfg = Release|Win32
		{2AA30358-8C79-42DD-A278-CABDF6224216}.Release|Win32.Build.0 = Release|Win32
	EndGlobalSection
	GlobalSection(SolutionProperties) = preSolution
		HideSolutionNode = FALSE
	EndGlobalSection
EndGlobal
