Microsoft Visual Studio Solution File, Format Version 10.00
# Visual Studio 2008
Project("{8BC9CEB8-8B4A-11D0-8D11-00A0C91BC942}") = "All", "ImageMagick-6.8.5\VisualMagick\All\All.vcproj", "{6E3FFDD4-F17E-47B2-8F3C-5B87E0B2E4EE}"
EndProject
Project("{8BC9CEB8-8B4A-11D0-8D11-00A0C91BC942}") = "CORE_bzlib", "ImageMagick-6.8.5\VisualMagick\bzlib\CORE_bzlib_mtdll_lib.vcproj", "{125BF901-8C83-44A2-A8BA-FC24C837D8C3}"
EndProject
Project("{8BC9CEB8-8B4A-11D0-8D11-00A0C91BC942}") = "CORE_coders", "ImageMagick-6.8.5\VisualMagick\coders\CORE_coders_mtdll_lib.vcproj", "{CDAD96D9-3993-40B6-B904-ACD0A140E52B}"
EndProject
Project("{8BC9CEB8-8B4A-11D0-8D11-00A0C91BC942}") = "CORE_filters", "ImageMagick-6.8.5\VisualMagick\filters\CORE_filters_mtdll_lib.vcproj", "{474EF2A1-368C-4625-B8F4-9DF3A0F4EB59}"
EndProject
Project("{8BC9CEB8-8B4A-11D0-8D11-00A0C91BC942}") = "CORE_jbig", "ImageMagick-6.8.5\VisualMagick\jbig\CORE_jbig_mtdll_lib.vcproj", "{D9E27164-462C-4C2A-9F5B-CE11B48D8F6E}"
EndProject
Project("{8BC9CEB8-8B4A-11D0-8D11-00A0C91BC942}") = "CORE_jp2", "ImageMagick-6.8.5\VisualMagick\jp2\CORE_jp2_mtdll_lib.vcproj", "{26E76A0D-6DC4-4BD5-81C1-B6346DF707E2}"
EndProject
Project("{8BC9CEB8-8B4A-11D0-8D11-00A0C91BC942}") = "CORE_jpeg", "ImageMagick-6.8.5\VisualMagick\jpeg\CORE_jpeg_mtdll_lib.vcproj", "{F58359E1-B0E9-4D8B-BC36-06A7265DF59A}"
EndProject
Project("{8BC9CEB8-8B4A-11D0-8D11-00A0C91BC942}") = "CORE_lcms", "ImageMagick-6.8.5\VisualMagick\lcms\CORE_lcms_mtdll_lib.vcproj", "{0F527E7E-B87B-4A95-A1F3-F7FBAA11B5DA}"
EndProject
Project("{8BC9CEB8-8B4A-11D0-8D11-00A0C91BC942}") = "CORE_libxml", "ImageMagick-6.8.5\VisualMagick\libxml\CORE_libxml_mtdll_lib.vcproj", "{77BF0DA4-BFAF-4AF5-9BBF-6ECA03396ACD}"
EndProject
Project("{8BC9CEB8-8B4A-11D0-8D11-00A0C91BC942}") = "CORE_magick", "ImageMagick-6.8.5\VisualMagick\magick\CORE_magick_mtdll_lib.vcproj", "{5588D5BB-98F6-43C7-B859-790AE2A9EAC0}"
EndProject
Project("{8BC9CEB8-8B4A-11D0-8D11-00A0C91BC942}") = "CORE_Magick++", "ImageMagick-6.8.5\VisualMagick\Magick++\CORE_Magick++_mtdll_lib.vcproj", "{ECBC8BDE-79E3-4513-8867-E70B2A392A15}"
EndProject
Project("{8BC9CEB8-8B4A-11D0-8D11-00A0C91BC942}") = "CORE_png", "ImageMagick-6.8.5\VisualMagick\png\CORE_png_mtdll_lib.vcproj", "{ED3B0789-A835-4280-9035-B9A1F928CE69}"
EndProject
Project("{8BC9CEB8-8B4A-11D0-8D11-00A0C91BC942}") = "CORE_tiff", "ImageMagick-6.8.5\VisualMagick\tiff\CORE_tiff_mtdll_lib.vcproj", "{C6852A19-C3B3-4D99-B254-F75709BD0596}"
EndProject
Project("{8BC9CEB8-8B4A-11D0-8D11-00A0C91BC942}") = "CORE_ttf", "ImageMagick-6.8.5\VisualMagick\ttf\CORE_ttf_mtdll_lib.vcproj", "{24CF9F55-F503-40A0-8E51-128778EF3C5A}"
EndProject
Project("{8BC9CEB8-8B4A-11D0-8D11-00A0C91BC942}") = "CORE_wand", "ImageMagick-6.8.5\VisualMagick\wand\CORE_wand_mtdll_lib.vcproj", "{AEB0CF8F-D349-482D-8069-24E17F902521}"
EndProject
Project("{8BC9CEB8-8B4A-11D0-8D11-00A0C91BC942}") = "CORE_xlib", "ImageMagick-6.8.5\VisualMagick\xlib\CORE_xlib_mtdll_lib.vcproj", "{DA6905CA-88E6-4AC5-9B62-1A077D30DE3C}"
EndProject
Project("{8BC9CEB8-8B4A-11D0-8D11-00A0C91BC942}") = "CORE_zlib", "ImageMagick-6.8.5\VisualMagick\zlib\CORE_zlib_mtdll_lib.vcproj", "{435FE4A8-3474-45C3-84D5-250F335BD014}"
EndProject
Project("{8BC9CEB8-8B4A-11D0-8D11-00A0C91BC942}") = "CORE_wmf", "ImageMagick-6.8.5\VisualMagick\wmf\CORE_wmf_mtdll_lib.vcproj", "{A3D5490B-114F-450F-8BBF-9265193C96F5}"
EndProject
Project("{8BC9CEB8-8B4A-11D0-8D11-00A0C91BC942}") = "UTIL_dcraw", "ImageMagick-6.8.5\VisualMagick\dcraw\UTIL_dcraw_mtdll_exe.vcproj", "{203F8122-E1D8-4C34-900B-31F630D7C6AC}"
	ProjectSection(ProjectDependencies) = postProject
		{435FE4A8-3474-45C3-84D5-250F335BD014} = {435FE4A8-3474-45C3-84D5-250F335BD014}
		{125BF901-8C83-44A2-A8BA-FC24C837D8C3} = {125BF901-8C83-44A2-A8BA-FC24C837D8C3}
		{F58359E1-B0E9-4D8B-BC36-06A7265DF59A} = {F58359E1-B0E9-4D8B-BC36-06A7265DF59A}
		{CDAD96D9-3993-40B6-B904-ACD0A140E52B} = {CDAD96D9-3993-40B6-B904-ACD0A140E52B}
		{474EF2A1-368C-4625-B8F4-9DF3A0F4EB59} = {474EF2A1-368C-4625-B8F4-9DF3A0F4EB59}
		{D9E27164-462C-4C2A-9F5B-CE11B48D8F6E} = {D9E27164-462C-4C2A-9F5B-CE11B48D8F6E}
		{26E76A0D-6DC4-4BD5-81C1-B6346DF707E2} = {26E76A0D-6DC4-4BD5-81C1-B6346DF707E2}
		{0F527E7E-B87B-4A95-A1F3-F7FBAA11B5DA} = {0F527E7E-B87B-4A95-A1F3-F7FBAA11B5DA}
		{77BF0DA4-BFAF-4AF5-9BBF-6ECA03396ACD} = {77BF0DA4-BFAF-4AF5-9BBF-6ECA03396ACD}
		{ED3B0789-A835-4280-9035-B9A1F928CE69} = {ED3B0789-A835-4280-9035-B9A1F928CE69}
		{C6852A19-C3B3-4D99-B254-F75709BD0596} = {C6852A19-C3B3-4D99-B254-F75709BD0596}
		{24CF9F55-F503-40A0-8E51-128778EF3C5A} = {24CF9F55-F503-40A0-8E51-128778EF3C5A}
		{AEB0CF8F-D349-482D-8069-24E17F902521} = {AEB0CF8F-D349-482D-8069-24E17F902521}
		{DA6905CA-88E6-4AC5-9B62-1A077D30DE3C} = {DA6905CA-88E6-4AC5-9B62-1A077D30DE3C}
		{A3D5490B-114F-450F-8BBF-9265193C96F5} = {A3D5490B-114F-450F-8BBF-9265193C96F5}
		{5588D5BB-98F6-43C7-B859-790AE2A9EAC0} = {5588D5BB-98F6-43C7-B859-790AE2A9EAC0}
		{AEB0CF8F-D349-482D-8069-24E17F902521} = {AEB0CF8F-D349-482D-8069-24E17F902521}
	EndProjectSection
EndProject
Project("{8BC9CEB8-8B4A-11D0-8D11-00A0C91BC942}") = "UTIL_animate", "ImageMagick-6.8.5\VisualMagick\utilities\UTIL_animate_mtdll_exe.vcproj", "{2E9A1089-6834-4CA6-B087-250DAA98DC46}"
	ProjectSection(ProjectDependencies) = postProject
		{435FE4A8-3474-45C3-84D5-250F335BD014} = {435FE4A8-3474-45C3-84D5-250F335BD014}
		{125BF901-8C83-44A2-A8BA-FC24C837D8C3} = {125BF901-8C83-44A2-A8BA-FC24C837D8C3}
		{F58359E1-B0E9-4D8B-BC36-06A7265DF59A} = {F58359E1-B0E9-4D8B-BC36-06A7265DF59A}
		{CDAD96D9-3993-40B6-B904-ACD0A140E52B} = {CDAD96D9-3993-40B6-B904-ACD0A140E52B}
		{474EF2A1-368C-4625-B8F4-9DF3A0F4EB59} = {474EF2A1-368C-4625-B8F4-9DF3A0F4EB59}
		{D9E27164-462C-4C2A-9F5B-CE11B48D8F6E} = {D9E27164-462C-4C2A-9F5B-CE11B48D8F6E}
		{26E76A0D-6DC4-4BD5-81C1-B6346DF707E2} = {26E76A0D-6DC4-4BD5-81C1-B6346DF707E2}
		{0F527E7E-B87B-4A95-A1F3-F7FBAA11B5DA} = {0F527E7E-B87B-4A95-A1F3-F7FBAA11B5DA}
		{77BF0DA4-BFAF-4AF5-9BBF-6ECA03396ACD} = {77BF0DA4-BFAF-4AF5-9BBF-6ECA03396ACD}
		{ED3B0789-A835-4280-9035-B9A1F928CE69} = {ED3B0789-A835-4280-9035-B9A1F928CE69}
		{C6852A19-C3B3-4D99-B254-F75709BD0596} = {C6852A19-C3B3-4D99-B254-F75709BD0596}
		{24CF9F55-F503-40A0-8E51-128778EF3C5A} = {24CF9F55-F503-40A0-8E51-128778EF3C5A}
		{AEB0CF8F-D349-482D-8069-24E17F902521} = {AEB0CF8F-D349-482D-8069-24E17F902521}
		{DA6905CA-88E6-4AC5-9B62-1A077D30DE3C} = {DA6905CA-88E6-4AC5-9B62-1A077D30DE3C}
		{A3D5490B-114F-450F-8BBF-9265193C96F5} = {A3D5490B-114F-450F-8BBF-9265193C96F5}
		{5588D5BB-98F6-43C7-B859-790AE2A9EAC0} = {5588D5BB-98F6-43C7-B859-790AE2A9EAC0}
		{AEB0CF8F-D349-482D-8069-24E17F902521} = {AEB0CF8F-D349-482D-8069-24E17F902521}
	EndProjectSection
EndProject
Project("{8BC9CEB8-8B4A-11D0-8D11-00A0C91BC942}") = "UTIL_compare", "ImageMagick-6.8.5\VisualMagick\utilities\UTIL_compare_mtdll_exe.vcproj", "{52635453-0FF6-48F4-965F-C8D3473CC969}"
	ProjectSection(ProjectDependencies) = postProject
		{435FE4A8-3474-45C3-84D5-250F335BD014} = {435FE4A8-3474-45C3-84D5-250F335BD014}
		{125BF901-8C83-44A2-A8BA-FC24C837D8C3} = {125BF901-8C83-44A2-A8BA-FC24C837D8C3}
		{F58359E1-B0E9-4D8B-BC36-06A7265DF59A} = {F58359E1-B0E9-4D8B-BC36-06A7265DF59A}
		{CDAD96D9-3993-40B6-B904-ACD0A140E52B} = {CDAD96D9-3993-40B6-B904-ACD0A140E52B}
		{474EF2A1-368C-4625-B8F4-9DF3A0F4EB59} = {474EF2A1-368C-4625-B8F4-9DF3A0F4EB59}
		{D9E27164-462C-4C2A-9F5B-CE11B48D8F6E} = {D9E27164-462C-4C2A-9F5B-CE11B48D8F6E}
		{26E76A0D-6DC4-4BD5-81C1-B6346DF707E2} = {26E76A0D-6DC4-4BD5-81C1-B6346DF707E2}
		{0F527E7E-B87B-4A95-A1F3-F7FBAA11B5DA} = {0F527E7E-B87B-4A95-A1F3-F7FBAA11B5DA}
		{77BF0DA4-BFAF-4AF5-9BBF-6ECA03396ACD} = {77BF0DA4-BFAF-4AF5-9BBF-6ECA03396ACD}
		{ED3B0789-A835-4280-9035-B9A1F928CE69} = {ED3B0789-A835-4280-9035-B9A1F928CE69}
		{C6852A19-C3B3-4D99-B254-F75709BD0596} = {C6852A19-C3B3-4D99-B254-F75709BD0596}
		{24CF9F55-F503-40A0-8E51-128778EF3C5A} = {24CF9F55-F503-40A0-8E51-128778EF3C5A}
		{AEB0CF8F-D349-482D-8069-24E17F902521} = {AEB0CF8F-D349-482D-8069-24E17F902521}
		{DA6905CA-88E6-4AC5-9B62-1A077D30DE3C} = {DA6905CA-88E6-4AC5-9B62-1A077D30DE3C}
		{A3D5490B-114F-450F-8BBF-9265193C96F5} = {A3D5490B-114F-450F-8BBF-9265193C96F5}
		{5588D5BB-98F6-43C7-B859-790AE2A9EAC0} = {5588D5BB-98F6-43C7-B859-790AE2A9EAC0}
		{AEB0CF8F-D349-482D-8069-24E17F902521} = {AEB0CF8F-D349-482D-8069-24E17F902521}
	EndProjectSection
EndProject
Project("{8BC9CEB8-8B4A-11D0-8D11-00A0C91BC942}") = "UTIL_composite", "ImageMagick-6.8.5\VisualMagick\utilities\UTIL_composite_mtdll_exe.vcproj", "{9A649AF4-5498-4C91-94C1-8130DAE4B277}"
	ProjectSection(ProjectDependencies) = postProject
		{435FE4A8-3474-45C3-84D5-250F335BD014} = {435FE4A8-3474-45C3-84D5-250F335BD014}
		{125BF901-8C83-44A2-A8BA-FC24C837D8C3} = {125BF901-8C83-44A2-A8BA-FC24C837D8C3}
		{F58359E1-B0E9-4D8B-BC36-06A7265DF59A} = {F58359E1-B0E9-4D8B-BC36-06A7265DF59A}
		{CDAD96D9-3993-40B6-B904-ACD0A140E52B} = {CDAD96D9-3993-40B6-B904-ACD0A140E52B}
		{474EF2A1-368C-4625-B8F4-9DF3A0F4EB59} = {474EF2A1-368C-4625-B8F4-9DF3A0F4EB59}
		{D9E27164-462C-4C2A-9F5B-CE11B48D8F6E} = {D9E27164-462C-4C2A-9F5B-CE11B48D8F6E}
		{26E76A0D-6DC4-4BD5-81C1-B6346DF707E2} = {26E76A0D-6DC4-4BD5-81C1-B6346DF707E2}
		{0F527E7E-B87B-4A95-A1F3-F7FBAA11B5DA} = {0F527E7E-B87B-4A95-A1F3-F7FBAA11B5DA}
		{77BF0DA4-BFAF-4AF5-9BBF-6ECA03396ACD} = {77BF0DA4-BFAF-4AF5-9BBF-6ECA03396ACD}
		{ED3B0789-A835-4280-9035-B9A1F928CE69} = {ED3B0789-A835-4280-9035-B9A1F928CE69}
		{C6852A19-C3B3-4D99-B254-F75709BD0596} = {C6852A19-C3B3-4D99-B254-F75709BD0596}
		{24CF9F55-F503-40A0-8E51-128778EF3C5A} = {24CF9F55-F503-40A0-8E51-128778EF3C5A}
		{AEB0CF8F-D349-482D-8069-24E17F902521} = {AEB0CF8F-D349-482D-8069-24E17F902521}
		{DA6905CA-88E6-4AC5-9B62-1A077D30DE3C} = {DA6905CA-88E6-4AC5-9B62-1A077D30DE3C}
		{A3D5490B-114F-450F-8BBF-9265193C96F5} = {A3D5490B-114F-450F-8BBF-9265193C96F5}
		{5588D5BB-98F6-43C7-B859-790AE2A9EAC0} = {5588D5BB-98F6-43C7-B859-790AE2A9EAC0}
		{AEB0CF8F-D349-482D-8069-24E17F902521} = {AEB0CF8F-D349-482D-8069-24E17F902521}
	EndProjectSection
EndProject
Project("{8BC9CEB8-8B4A-11D0-8D11-00A0C91BC942}") = "UTIL_conjure", "ImageMagick-6.8.5\VisualMagick\utilities\UTIL_conjure_mtdll_exe.vcproj", "{28B04811-FCF6-45D5-B8A9-BF50863CE7CB}"
	ProjectSection(ProjectDependencies) = postProject
		{435FE4A8-3474-45C3-84D5-250F335BD014} = {435FE4A8-3474-45C3-84D5-250F335BD014}
		{125BF901-8C83-44A2-A8BA-FC24C837D8C3} = {125BF901-8C83-44A2-A8BA-FC24C837D8C3}
		{F58359E1-B0E9-4D8B-BC36-06A7265DF59A} = {F58359E1-B0E9-4D8B-BC36-06A7265DF59A}
		{CDAD96D9-3993-40B6-B904-ACD0A140E52B} = {CDAD96D9-3993-40B6-B904-ACD0A140E52B}
		{474EF2A1-368C-4625-B8F4-9DF3A0F4EB59} = {474EF2A1-368C-4625-B8F4-9DF3A0F4EB59}
		{D9E27164-462C-4C2A-9F5B-CE11B48D8F6E} = {D9E27164-462C-4C2A-9F5B-CE11B48D8F6E}
		{26E76A0D-6DC4-4BD5-81C1-B6346DF707E2} = {26E76A0D-6DC4-4BD5-81C1-B6346DF707E2}
		{0F527E7E-B87B-4A95-A1F3-F7FBAA11B5DA} = {0F527E7E-B87B-4A95-A1F3-F7FBAA11B5DA}
		{77BF0DA4-BFAF-4AF5-9BBF-6ECA03396ACD} = {77BF0DA4-BFAF-4AF5-9BBF-6ECA03396ACD}
		{ED3B0789-A835-4280-9035-B9A1F928CE69} = {ED3B0789-A835-4280-9035-B9A1F928CE69}
		{C6852A19-C3B3-4D99-B254-F75709BD0596} = {C6852A19-C3B3-4D99-B254-F75709BD0596}
		{24CF9F55-F503-40A0-8E51-128778EF3C5A} = {24CF9F55-F503-40A0-8E51-128778EF3C5A}
		{AEB0CF8F-D349-482D-8069-24E17F902521} = {AEB0CF8F-D349-482D-8069-24E17F902521}
		{DA6905CA-88E6-4AC5-9B62-1A077D30DE3C} = {DA6905CA-88E6-4AC5-9B62-1A077D30DE3C}
		{A3D5490B-114F-450F-8BBF-9265193C96F5} = {A3D5490B-114F-450F-8BBF-9265193C96F5}
		{5588D5BB-98F6-43C7-B859-790AE2A9EAC0} = {5588D5BB-98F6-43C7-B859-790AE2A9EAC0}
		{AEB0CF8F-D349-482D-8069-24E17F902521} = {AEB0CF8F-D349-482D-8069-24E17F902521}
	EndProjectSection
EndProject
Project("{8BC9CEB8-8B4A-11D0-8D11-00A0C91BC942}") = "UTIL_convert", "ImageMagick-6.8.5\VisualMagick\utilities\UTIL_convert_mtdll_exe.vcproj", "{2BDD6D30-B750-49DE-927C-9210FAAD467D}"
	ProjectSection(ProjectDependencies) = postProject
		{435FE4A8-3474-45C3-84D5-250F335BD014} = {435FE4A8-3474-45C3-84D5-250F335BD014}
		{125BF901-8C83-44A2-A8BA-FC24C837D8C3} = {125BF901-8C83-44A2-A8BA-FC24C837D8C3}
		{F58359E1-B0E9-4D8B-BC36-06A7265DF59A} = {F58359E1-B0E9-4D8B-BC36-06A7265DF59A}
		{CDAD96D9-3993-40B6-B904-ACD0A140E52B} = {CDAD96D9-3993-40B6-B904-ACD0A140E52B}
		{474EF2A1-368C-4625-B8F4-9DF3A0F4EB59} = {474EF2A1-368C-4625-B8F4-9DF3A0F4EB59}
		{D9E27164-462C-4C2A-9F5B-CE11B48D8F6E} = {D9E27164-462C-4C2A-9F5B-CE11B48D8F6E}
		{26E76A0D-6DC4-4BD5-81C1-B6346DF707E2} = {26E76A0D-6DC4-4BD5-81C1-B6346DF707E2}
		{0F527E7E-B87B-4A95-A1F3-F7FBAA11B5DA} = {0F527E7E-B87B-4A95-A1F3-F7FBAA11B5DA}
		{77BF0DA4-BFAF-4AF5-9BBF-6ECA03396ACD} = {77BF0DA4-BFAF-4AF5-9BBF-6ECA03396ACD}
		{ED3B0789-A835-4280-9035-B9A1F928CE69} = {ED3B0789-A835-4280-9035-B9A1F928CE69}
		{C6852A19-C3B3-4D99-B254-F75709BD0596} = {C6852A19-C3B3-4D99-B254-F75709BD0596}
		{24CF9F55-F503-40A0-8E51-128778EF3C5A} = {24CF9F55-F503-40A0-8E51-128778EF3C5A}
		{AEB0CF8F-D349-482D-8069-24E17F902521} = {AEB0CF8F-D349-482D-8069-24E17F902521}
		{DA6905CA-88E6-4AC5-9B62-1A077D30DE3C} = {DA6905CA-88E6-4AC5-9B62-1A077D30DE3C}
		{A3D5490B-114F-450F-8BBF-9265193C96F5} = {A3D5490B-114F-450F-8BBF-9265193C96F5}
		{5588D5BB-98F6-43C7-B859-790AE2A9EAC0} = {5588D5BB-98F6-43C7-B859-790AE2A9EAC0}
		{AEB0CF8F-D349-482D-8069-24E17F902521} = {AEB0CF8F-D349-482D-8069-24E17F902521}
	EndProjectSection
EndProject
Project("{8BC9CEB8-8B4A-11D0-8D11-00A0C91BC942}") = "UTIL_display", "ImageMagick-6.8.5\VisualMagick\utilities\UTIL_display_mtdll_exe.vcproj", "{C8DF2B4E-7343-451B-BA0C-36BAF061EE69}"
	ProjectSection(ProjectDependencies) = postProject
		{435FE4A8-3474-45C3-84D5-250F335BD014} = {435FE4A8-3474-45C3-84D5-250F335BD014}
		{125BF901-8C83-44A2-A8BA-FC24C837D8C3} = {125BF901-8C83-44A2-A8BA-FC24C837D8C3}
		{F58359E1-B0E9-4D8B-BC36-06A7265DF59A} = {F58359E1-B0E9-4D8B-BC36-06A7265DF59A}
		{CDAD96D9-3993-40B6-B904-ACD0A140E52B} = {CDAD96D9-3993-40B6-B904-ACD0A140E52B}
		{474EF2A1-368C-4625-B8F4-9DF3A0F4EB59} = {474EF2A1-368C-4625-B8F4-9DF3A0F4EB59}
		{D9E27164-462C-4C2A-9F5B-CE11B48D8F6E} = {D9E27164-462C-4C2A-9F5B-CE11B48D8F6E}
		{26E76A0D-6DC4-4BD5-81C1-B6346DF707E2} = {26E76A0D-6DC4-4BD5-81C1-B6346DF707E2}
		{0F527E7E-B87B-4A95-A1F3-F7FBAA11B5DA} = {0F527E7E-B87B-4A95-A1F3-F7FBAA11B5DA}
		{77BF0DA4-BFAF-4AF5-9BBF-6ECA03396ACD} = {77BF0DA4-BFAF-4AF5-9BBF-6ECA03396ACD}
		{ED3B0789-A835-4280-9035-B9A1F928CE69} = {ED3B0789-A835-4280-9035-B9A1F928CE69}
		{C6852A19-C3B3-4D99-B254-F75709BD0596} = {C6852A19-C3B3-4D99-B254-F75709BD0596}
		{24CF9F55-F503-40A0-8E51-128778EF3C5A} = {24CF9F55-F503-40A0-8E51-128778EF3C5A}
		{AEB0CF8F-D349-482D-8069-24E17F902521} = {AEB0CF8F-D349-482D-8069-24E17F902521}
		{DA6905CA-88E6-4AC5-9B62-1A077D30DE3C} = {DA6905CA-88E6-4AC5-9B62-1A077D30DE3C}
		{A3D5490B-114F-450F-8BBF-9265193C96F5} = {A3D5490B-114F-450F-8BBF-9265193C96F5}
		{5588D5BB-98F6-43C7-B859-790AE2A9EAC0} = {5588D5BB-98F6-43C7-B859-790AE2A9EAC0}
		{AEB0CF8F-D349-482D-8069-24E17F902521} = {AEB0CF8F-D349-482D-8069-24E17F902521}
	EndProjectSection
EndProject
Project("{8BC9CEB8-8B4A-11D0-8D11-00A0C91BC942}") = "UTIL_identify", "ImageMagick-6.8.5\VisualMagick\utilities\UTIL_identify_mtdll_exe.vcproj", "{B18AC9F8-7D2B-4B89-8166-549EF5C90AC5}"
	ProjectSection(ProjectDependencies) = postProject
		{435FE4A8-3474-45C3-84D5-250F335BD014} = {435FE4A8-3474-45C3-84D5-250F335BD014}
		{125BF901-8C83-44A2-A8BA-FC24C837D8C3} = {125BF901-8C83-44A2-A8BA-FC24C837D8C3}
		{F58359E1-B0E9-4D8B-BC36-06A7265DF59A} = {F58359E1-B0E9-4D8B-BC36-06A7265DF59A}
		{CDAD96D9-3993-40B6-B904-ACD0A140E52B} = {CDAD96D9-3993-40B6-B904-ACD0A140E52B}
		{474EF2A1-368C-4625-B8F4-9DF3A0F4EB59} = {474EF2A1-368C-4625-B8F4-9DF3A0F4EB59}
		{D9E27164-462C-4C2A-9F5B-CE11B48D8F6E} = {D9E27164-462C-4C2A-9F5B-CE11B48D8F6E}
		{26E76A0D-6DC4-4BD5-81C1-B6346DF707E2} = {26E76A0D-6DC4-4BD5-81C1-B6346DF707E2}
		{0F527E7E-B87B-4A95-A1F3-F7FBAA11B5DA} = {0F527E7E-B87B-4A95-A1F3-F7FBAA11B5DA}
		{77BF0DA4-BFAF-4AF5-9BBF-6ECA03396ACD} = {77BF0DA4-BFAF-4AF5-9BBF-6ECA03396ACD}
		{ED3B0789-A835-4280-9035-B9A1F928CE69} = {ED3B0789-A835-4280-9035-B9A1F928CE69}
		{C6852A19-C3B3-4D99-B254-F75709BD0596} = {C6852A19-C3B3-4D99-B254-F75709BD0596}
		{24CF9F55-F503-40A0-8E51-128778EF3C5A} = {24CF9F55-F503-40A0-8E51-128778EF3C5A}
		{AEB0CF8F-D349-482D-8069-24E17F902521} = {AEB0CF8F-D349-482D-8069-24E17F902521}
		{DA6905CA-88E6-4AC5-9B62-1A077D30DE3C} = {DA6905CA-88E6-4AC5-9B62-1A077D30DE3C}
		{A3D5490B-114F-450F-8BBF-9265193C96F5} = {A3D5490B-114F-450F-8BBF-9265193C96F5}
		{5588D5BB-98F6-43C7-B859-790AE2A9EAC0} = {5588D5BB-98F6-43C7-B859-790AE2A9EAC0}
		{AEB0CF8F-D349-482D-8069-24E17F902521} = {AEB0CF8F-D349-482D-8069-24E17F902521}
	EndProjectSection
EndProject
Project("{8BC9CEB8-8B4A-11D0-8D11-00A0C91BC942}") = "UTIL_import", "ImageMagick-6.8.5\VisualMagick\utilities\UTIL_import_mtdll_exe.vcproj", "{733A73BB-02D8-48FA-BAAE-2FF2D6DB7D33}"
	ProjectSection(ProjectDependencies) = postProject
		{435FE4A8-3474-45C3-84D5-250F335BD014} = {435FE4A8-3474-45C3-84D5-250F335BD014}
		{125BF901-8C83-44A2-A8BA-FC24C837D8C3} = {125BF901-8C83-44A2-A8BA-FC24C837D8C3}
		{F58359E1-B0E9-4D8B-BC36-06A7265DF59A} = {F58359E1-B0E9-4D8B-BC36-06A7265DF59A}
		{CDAD96D9-3993-40B6-B904-ACD0A140E52B} = {CDAD96D9-3993-40B6-B904-ACD0A140E52B}
		{474EF2A1-368C-4625-B8F4-9DF3A0F4EB59} = {474EF2A1-368C-4625-B8F4-9DF3A0F4EB59}
		{D9E27164-462C-4C2A-9F5B-CE11B48D8F6E} = {D9E27164-462C-4C2A-9F5B-CE11B48D8F6E}
		{26E76A0D-6DC4-4BD5-81C1-B6346DF707E2} = {26E76A0D-6DC4-4BD5-81C1-B6346DF707E2}
		{0F527E7E-B87B-4A95-A1F3-F7FBAA11B5DA} = {0F527E7E-B87B-4A95-A1F3-F7FBAA11B5DA}
		{77BF0DA4-BFAF-4AF5-9BBF-6ECA03396ACD} = {77BF0DA4-BFAF-4AF5-9BBF-6ECA03396ACD}
		{ED3B0789-A835-4280-9035-B9A1F928CE69} = {ED3B0789-A835-4280-9035-B9A1F928CE69}
		{C6852A19-C3B3-4D99-B254-F75709BD0596} = {C6852A19-C3B3-4D99-B254-F75709BD0596}
		{24CF9F55-F503-40A0-8E51-128778EF3C5A} = {24CF9F55-F503-40A0-8E51-128778EF3C5A}
		{AEB0CF8F-D349-482D-8069-24E17F902521} = {AEB0CF8F-D349-482D-8069-24E17F902521}
		{DA6905CA-88E6-4AC5-9B62-1A077D30DE3C} = {DA6905CA-88E6-4AC5-9B62-1A077D30DE3C}
		{A3D5490B-114F-450F-8BBF-9265193C96F5} = {A3D5490B-114F-450F-8BBF-9265193C96F5}
		{5588D5BB-98F6-43C7-B859-790AE2A9EAC0} = {5588D5BB-98F6-43C7-B859-790AE2A9EAC0}
		{AEB0CF8F-D349-482D-8069-24E17F902521} = {AEB0CF8F-D349-482D-8069-24E17F902521}
	EndProjectSection
EndProject
Project("{8BC9CEB8-8B4A-11D0-8D11-00A0C91BC942}") = "UTIL_mogrify", "ImageMagick-6.8.5\VisualMagick\utilities\UTIL_mogrify_mtdll_exe.vcproj", "{926E8DE0-FB82-4572-ACAE-71305B555572}"
	ProjectSection(ProjectDependencies) = postProject
		{435FE4A8-3474-45C3-84D5-250F335BD014} = {435FE4A8-3474-45C3-84D5-250F335BD014}
		{125BF901-8C83-44A2-A8BA-FC24C837D8C3} = {125BF901-8C83-44A2-A8BA-FC24C837D8C3}
		{F58359E1-B0E9-4D8B-BC36-06A7265DF59A} = {F58359E1-B0E9-4D8B-BC36-06A7265DF59A}
		{CDAD96D9-3993-40B6-B904-ACD0A140E52B} = {CDAD96D9-3993-40B6-B904-ACD0A140E52B}
		{474EF2A1-368C-4625-B8F4-9DF3A0F4EB59} = {474EF2A1-368C-4625-B8F4-9DF3A0F4EB59}
		{D9E27164-462C-4C2A-9F5B-CE11B48D8F6E} = {D9E27164-462C-4C2A-9F5B-CE11B48D8F6E}
		{26E76A0D-6DC4-4BD5-81C1-B6346DF707E2} = {26E76A0D-6DC4-4BD5-81C1-B6346DF707E2}
		{0F527E7E-B87B-4A95-A1F3-F7FBAA11B5DA} = {0F527E7E-B87B-4A95-A1F3-F7FBAA11B5DA}
		{77BF0DA4-BFAF-4AF5-9BBF-6ECA03396ACD} = {77BF0DA4-BFAF-4AF5-9BBF-6ECA03396ACD}
		{ED3B0789-A835-4280-9035-B9A1F928CE69} = {ED3B0789-A835-4280-9035-B9A1F928CE69}
		{C6852A19-C3B3-4D99-B254-F75709BD0596} = {C6852A19-C3B3-4D99-B254-F75709BD0596}
		{24CF9F55-F503-40A0-8E51-128778EF3C5A} = {24CF9F55-F503-40A0-8E51-128778EF3C5A}
		{AEB0CF8F-D349-482D-8069-24E17F902521} = {AEB0CF8F-D349-482D-8069-24E17F902521}
		{DA6905CA-88E6-4AC5-9B62-1A077D30DE3C} = {DA6905CA-88E6-4AC5-9B62-1A077D30DE3C}
		{A3D5490B-114F-450F-8BBF-9265193C96F5} = {A3D5490B-114F-450F-8BBF-9265193C96F5}
		{5588D5BB-98F6-43C7-B859-790AE2A9EAC0} = {5588D5BB-98F6-43C7-B859-790AE2A9EAC0}
		{AEB0CF8F-D349-482D-8069-24E17F902521} = {AEB0CF8F-D349-482D-8069-24E17F902521}
	EndProjectSection
EndProject
Project("{8BC9CEB8-8B4A-11D0-8D11-00A0C91BC942}") = "UTIL_montage", "ImageMagick-6.8.5\VisualMagick\utilities\UTIL_montage_mtdll_exe.vcproj", "{25D18C13-E524-4F07-8235-66A49A1610F5}"
	ProjectSection(ProjectDependencies) = postProject
		{435FE4A8-3474-45C3-84D5-250F335BD014} = {435FE4A8-3474-45C3-84D5-250F335BD014}
		{125BF901-8C83-44A2-A8BA-FC24C837D8C3} = {125BF901-8C83-44A2-A8BA-FC24C837D8C3}
		{F58359E1-B0E9-4D8B-BC36-06A7265DF59A} = {F58359E1-B0E9-4D8B-BC36-06A7265DF59A}
		{CDAD96D9-3993-40B6-B904-ACD0A140E52B} = {CDAD96D9-3993-40B6-B904-ACD0A140E52B}
		{474EF2A1-368C-4625-B8F4-9DF3A0F4EB59} = {474EF2A1-368C-4625-B8F4-9DF3A0F4EB59}
		{D9E27164-462C-4C2A-9F5B-CE11B48D8F6E} = {D9E27164-462C-4C2A-9F5B-CE11B48D8F6E}
		{26E76A0D-6DC4-4BD5-81C1-B6346DF707E2} = {26E76A0D-6DC4-4BD5-81C1-B6346DF707E2}
		{0F527E7E-B87B-4A95-A1F3-F7FBAA11B5DA} = {0F527E7E-B87B-4A95-A1F3-F7FBAA11B5DA}
		{77BF0DA4-BFAF-4AF5-9BBF-6ECA03396ACD} = {77BF0DA4-BFAF-4AF5-9BBF-6ECA03396ACD}
		{ED3B0789-A835-4280-9035-B9A1F928CE69} = {ED3B0789-A835-4280-9035-B9A1F928CE69}
		{C6852A19-C3B3-4D99-B254-F75709BD0596} = {C6852A19-C3B3-4D99-B254-F75709BD0596}
		{24CF9F55-F503-40A0-8E51-128778EF3C5A} = {24CF9F55-F503-40A0-8E51-128778EF3C5A}
		{AEB0CF8F-D349-482D-8069-24E17F902521} = {AEB0CF8F-D349-482D-8069-24E17F902521}
		{DA6905CA-88E6-4AC5-9B62-1A077D30DE3C} = {DA6905CA-88E6-4AC5-9B62-1A077D30DE3C}
		{A3D5490B-114F-450F-8BBF-9265193C96F5} = {A3D5490B-114F-450F-8BBF-9265193C96F5}
		{5588D5BB-98F6-43C7-B859-790AE2A9EAC0} = {5588D5BB-98F6-43C7-B859-790AE2A9EAC0}
		{AEB0CF8F-D349-482D-8069-24E17F902521} = {AEB0CF8F-D349-482D-8069-24E17F902521}
	EndProjectSection
EndProject
Project("{8BC9CEB8-8B4A-11D0-8D11-00A0C91BC942}") = "UTIL_stream", "ImageMagick-6.8.5\VisualMagick\utilities\UTIL_stream_mtdll_exe.vcproj", "{D07F3AC4-2C80-477E-B885-08BDF5D865E0}"
	ProjectSection(ProjectDependencies) = postProject
		{435FE4A8-3474-45C3-84D5-250F335BD014} = {435FE4A8-3474-45C3-84D5-250F335BD014}
		{125BF901-8C83-44A2-A8BA-FC24C837D8C3} = {125BF901-8C83-44A2-A8BA-FC24C837D8C3}
		{F58359E1-B0E9-4D8B-BC36-06A7265DF59A} = {F58359E1-B0E9-4D8B-BC36-06A7265DF59A}
		{CDAD96D9-3993-40B6-B904-ACD0A140E52B} = {CDAD96D9-3993-40B6-B904-ACD0A140E52B}
		{474EF2A1-368C-4625-B8F4-9DF3A0F4EB59} = {474EF2A1-368C-4625-B8F4-9DF3A0F4EB59}
		{D9E27164-462C-4C2A-9F5B-CE11B48D8F6E} = {D9E27164-462C-4C2A-9F5B-CE11B48D8F6E}
		{26E76A0D-6DC4-4BD5-81C1-B6346DF707E2} = {26E76A0D-6DC4-4BD5-81C1-B6346DF707E2}
		{0F527E7E-B87B-4A95-A1F3-F7FBAA11B5DA} = {0F527E7E-B87B-4A95-A1F3-F7FBAA11B5DA}
		{77BF0DA4-BFAF-4AF5-9BBF-6ECA03396ACD} = {77BF0DA4-BFAF-4AF5-9BBF-6ECA03396ACD}
		{ED3B0789-A835-4280-9035-B9A1F928CE69} = {ED3B0789-A835-4280-9035-B9A1F928CE69}
		{C6852A19-C3B3-4D99-B254-F75709BD0596} = {C6852A19-C3B3-4D99-B254-F75709BD0596}
		{24CF9F55-F503-40A0-8E51-128778EF3C5A} = {24CF9F55-F503-40A0-8E51-128778EF3C5A}
		{AEB0CF8F-D349-482D-8069-24E17F902521} = {AEB0CF8F-D349-482D-8069-24E17F902521}
		{DA6905CA-88E6-4AC5-9B62-1A077D30DE3C} = {DA6905CA-88E6-4AC5-9B62-1A077D30DE3C}
		{A3D5490B-114F-450F-8BBF-9265193C96F5} = {A3D5490B-114F-450F-8BBF-9265193C96F5}
		{5588D5BB-98F6-43C7-B859-790AE2A9EAC0} = {5588D5BB-98F6-43C7-B859-790AE2A9EAC0}
		{AEB0CF8F-D349-482D-8069-24E17F902521} = {AEB0CF8F-D349-482D-8069-24E17F902521}
	EndProjectSection
EndProject
Project("{8BC9CEB8-8B4A-11D0-8D11-00A0C91BC942}") = "ShadowPack", "ShadowPack\ShadowPack.vcproj", "{6F0264CE-6014-4C1E-A2D6-CCF9C0B29480}"
EndProject
Global
	GlobalSection(SolutionConfigurationPlatforms) = preSolution
		Debug|Win32 = Debug|Win32
		Release|Win32 = Release|Win32
	EndGlobalSection
	GlobalSection(ProjectConfigurationPlatforms) = postSolution
		{6E3FFDD4-F17E-47B2-8F3C-5B87E0B2E4EE}.Debug|Win32.ActiveCfg = Debug|Win32
		{6E3FFDD4-F17E-47B2-8F3C-5B87E0B2E4EE}.Release|Win32.ActiveCfg = Release|Win32
		{125BF901-8C83-44A2-A8BA-FC24C837D8C3}.Debug|Win32.ActiveCfg = Debug|Win32
		{125BF901-8C83-44A2-A8BA-FC24C837D8C3}.Debug|Win32.Build.0 = Debug|Win32
		{125BF901-8C83-44A2-A8BA-FC24C837D8C3}.Release|Win32.ActiveCfg = Release|Win32
		{125BF901-8C83-44A2-A8BA-FC24C837D8C3}.Release|Win32.Build.0 = Release|Win32
		{CDAD96D9-3993-40B6-B904-ACD0A140E52B}.Debug|Win32.ActiveCfg = Debug|Win32
		{CDAD96D9-3993-40B6-B904-ACD0A140E52B}.Debug|Win32.Build.0 = Debug|Win32
		{CDAD96D9-3993-40B6-B904-ACD0A140E52B}.Release|Win32.ActiveCfg = Release|Win32
		{CDAD96D9-3993-40B6-B904-ACD0A140E52B}.Release|Win32.Build.0 = Release|Win32
		{474EF2A1-368C-4625-B8F4-9DF3A0F4EB59}.Debug|Win32.ActiveCfg = Debug|Win32
		{474EF2A1-368C-4625-B8F4-9DF3A0F4EB59}.Debug|Win32.Build.0 = Debug|Win32
		{474EF2A1-368C-4625-B8F4-9DF3A0F4EB59}.Release|Win32.ActiveCfg = Release|Win32
		{474EF2A1-368C-4625-B8F4-9DF3A0F4EB59}.Release|Win32.Build.0 = Release|Win32
		{D9E27164-462C-4C2A-9F5B-CE11B48D8F6E}.Debug|Win32.ActiveCfg = Debug|Win32
		{D9E27164-462C-4C2A-9F5B-CE11B48D8F6E}.Debug|Win32.Build.0 = Debug|Win32
		{D9E27164-462C-4C2A-9F5B-CE11B48D8F6E}.Release|Win32.ActiveCfg = Release|Win32
		{D9E27164-462C-4C2A-9F5B-CE11B48D8F6E}.Release|Win32.Build.0 = Release|Win32
		{26E76A0D-6DC4-4BD5-81C1-B6346DF707E2}.Debug|Win32.ActiveCfg = Debug|Win32
		{26E76A0D-6DC4-4BD5-81C1-B6346DF707E2}.Debug|Win32.Build.0 = Debug|Win32
		{26E76A0D-6DC4-4BD5-81C1-B6346DF707E2}.Release|Win32.ActiveCfg = Release|Win32
		{26E76A0D-6DC4-4BD5-81C1-B6346DF707E2}.Release|Win32.Build.0 = Release|Win32
		{F58359E1-B0E9-4D8B-BC36-06A7265DF59A}.Debug|Win32.ActiveCfg = Debug|Win32
		{F58359E1-B0E9-4D8B-BC36-06A7265DF59A}.Debug|Win32.Build.0 = Debug|Win32
		{F58359E1-B0E9-4D8B-BC36-06A7265DF59A}.Release|Win32.ActiveCfg = Release|Win32
		{F58359E1-B0E9-4D8B-BC36-06A7265DF59A}.Release|Win32.Build.0 = Release|Win32
		{0F527E7E-B87B-4A95-A1F3-F7FBAA11B5DA}.Debug|Win32.ActiveCfg = Debug|Win32
		{0F527E7E-B87B-4A95-A1F3-F7FBAA11B5DA}.Debug|Win32.Build.0 = Debug|Win32
		{0F527E7E-B87B-4A95-A1F3-F7FBAA11B5DA}.Release|Win32.ActiveCfg = Release|Win32
		{0F527E7E-B87B-4A95-A1F3-F7FBAA11B5DA}.Release|Win32.Build.0 = Release|Win32
		{77BF0DA4-BFAF-4AF5-9BBF-6ECA03396ACD}.Debug|Win32.ActiveCfg = Debug|Win32
		{77BF0DA4-BFAF-4AF5-9BBF-6ECA03396ACD}.Debug|Win32.Build.0 = Debug|Win32
		{77BF0DA4-BFAF-4AF5-9BBF-6ECA03396ACD}.Release|Win32.ActiveCfg = Release|Win32
		{77BF0DA4-BFAF-4AF5-9BBF-6ECA03396ACD}.Release|Win32.Build.0 = Release|Win32
		{5588D5BB-98F6-43C7-B859-790AE2A9EAC0}.Debug|Win32.ActiveCfg = Debug|Win32
		{5588D5BB-98F6-43C7-B859-790AE2A9EAC0}.Debug|Win32.Build.0 = Debug|Win32
		{5588D5BB-98F6-43C7-B859-790AE2A9EAC0}.Release|Win32.ActiveCfg = Release|Win32
		{5588D5BB-98F6-43C7-B859-790AE2A9EAC0}.Release|Win32.Build.0 = Release|Win32
		{ECBC8BDE-79E3-4513-8867-E70B2A392A15}.Debug|Win32.ActiveCfg = Debug|Win32
		{ECBC8BDE-79E3-4513-8867-E70B2A392A15}.Debug|Win32.Build.0 = Debug|Win32
		{ECBC8BDE-79E3-4513-8867-E70B2A392A15}.Release|Win32.ActiveCfg = Release|Win32
		{ECBC8BDE-79E3-4513-8867-E70B2A392A15}.Release|Win32.Build.0 = Release|Win32
		{ED3B0789-A835-4280-9035-B9A1F928CE69}.Debug|Win32.ActiveCfg = Debug|Win32
		{ED3B0789-A835-4280-9035-B9A1F928CE69}.Debug|Win32.Build.0 = Debug|Win32
		{ED3B0789-A835-4280-9035-B9A1F928CE69}.Release|Win32.ActiveCfg = Release|Win32
		{ED3B0789-A835-4280-9035-B9A1F928CE69}.Release|Win32.Build.0 = Release|Win32
		{C6852A19-C3B3-4D99-B254-F75709BD0596}.Debug|Win32.ActiveCfg = Debug|Win32
		{C6852A19-C3B3-4D99-B254-F75709BD0596}.Debug|Win32.Build.0 = Debug|Win32
		{C6852A19-C3B3-4D99-B254-F75709BD0596}.Release|Win32.ActiveCfg = Release|Win32
		{C6852A19-C3B3-4D99-B254-F75709BD0596}.Release|Win32.Build.0 = Release|Win32
		{24CF9F55-F503-40A0-8E51-128778EF3C5A}.Debug|Win32.ActiveCfg = Debug|Win32
		{24CF9F55-F503-40A0-8E51-128778EF3C5A}.Debug|Win32.Build.0 = Debug|Win32
		{24CF9F55-F503-40A0-8E51-128778EF3C5A}.Release|Win32.ActiveCfg = Release|Win32
		{24CF9F55-F503-40A0-8E51-128778EF3C5A}.Release|Win32.Build.0 = Release|Win32
		{AEB0CF8F-D349-482D-8069-24E17F902521}.Debug|Win32.ActiveCfg = Debug|Win32
		{AEB0CF8F-D349-482D-8069-24E17F902521}.Debug|Win32.Build.0 = Debug|Win32
		{AEB0CF8F-D349-482D-8069-24E17F902521}.Release|Win32.ActiveCfg = Release|Win32
		{AEB0CF8F-D349-482D-8069-24E17F902521}.Release|Win32.Build.0 = Release|Win32
		{DA6905CA-88E6-4AC5-9B62-1A077D30DE3C}.Debug|Win32.ActiveCfg = Debug|Win32
		{DA6905CA-88E6-4AC5-9B62-1A077D30DE3C}.Debug|Win32.Build.0 = Debug|Win32
		{DA6905CA-88E6-4AC5-9B62-1A077D30DE3C}.Release|Win32.ActiveCfg = Release|Win32
		{DA6905CA-88E6-4AC5-9B62-1A077D30DE3C}.Release|Win32.Build.0 = Release|Win32
		{435FE4A8-3474-45C3-84D5-250F335BD014}.Debug|Win32.ActiveCfg = Debug|Win32
		{435FE4A8-3474-45C3-84D5-250F335BD014}.Debug|Win32.Build.0 = Debug|Win32
		{435FE4A8-3474-45C3-84D5-250F335BD014}.Release|Win32.ActiveCfg = Release|Win32
		{435FE4A8-3474-45C3-84D5-250F335BD014}.Release|Win32.Build.0 = Release|Win32
		{A3D5490B-114F-450F-8BBF-9265193C96F5}.Debug|Win32.ActiveCfg = Debug|Win32
		{A3D5490B-114F-450F-8BBF-9265193C96F5}.Debug|Win32.Build.0 = Debug|Win32
		{A3D5490B-114F-450F-8BBF-9265193C96F5}.Release|Win32.ActiveCfg = Release|Win32
		{A3D5490B-114F-450F-8BBF-9265193C96F5}.Release|Win32.Build.0 = Release|Win32
		{203F8122-E1D8-4C34-900B-31F630D7C6AC}.Debug|Win32.ActiveCfg = Debug|Win32
		{203F8122-E1D8-4C34-900B-31F630D7C6AC}.Debug|Win32.Build.0 = Debug|Win32
		{203F8122-E1D8-4C34-900B-31F630D7C6AC}.Release|Win32.ActiveCfg = Release|Win32
		{203F8122-E1D8-4C34-900B-31F630D7C6AC}.Release|Win32.Build.0 = Release|Win32
		{2E9A1089-6834-4CA6-B087-250DAA98DC46}.Debug|Win32.ActiveCfg = Debug|Win32
		{2E9A1089-6834-4CA6-B087-250DAA98DC46}.Debug|Win32.Build.0 = Debug|Win32
		{2E9A1089-6834-4CA6-B087-250DAA98DC46}.Release|Win32.ActiveCfg = Release|Win32
		{2E9A1089-6834-4CA6-B087-250DAA98DC46}.Release|Win32.Build.0 = Release|Win32
		{52635453-0FF6-48F4-965F-C8D3473CC969}.Debug|Win32.ActiveCfg = Debug|Win32
		{52635453-0FF6-48F4-965F-C8D3473CC969}.Debug|Win32.Build.0 = Debug|Win32
		{52635453-0FF6-48F4-965F-C8D3473CC969}.Release|Win32.ActiveCfg = Release|Win32
		{52635453-0FF6-48F4-965F-C8D3473CC969}.Release|Win32.Build.0 = Release|Win32
		{9A649AF4-5498-4C91-94C1-8130DAE4B277}.Debug|Win32.ActiveCfg = Debug|Win32
		{9A649AF4-5498-4C91-94C1-8130DAE4B277}.Debug|Win32.Build.0 = Debug|Win32
		{9A649AF4-5498-4C91-94C1-8130DAE4B277}.Release|Win32.ActiveCfg = Release|Win32
		{9A649AF4-5498-4C91-94C1-8130DAE4B277}.Release|Win32.Build.0 = Release|Win32
		{28B04811-FCF6-45D5-B8A9-BF50863CE7CB}.Debug|Win32.ActiveCfg = Debug|Win32
		{28B04811-FCF6-45D5-B8A9-BF50863CE7CB}.Debug|Win32.Build.0 = Debug|Win32
		{28B04811-FCF6-45D5-B8A9-BF50863CE7CB}.Release|Win32.ActiveCfg = Release|Win32
		{28B04811-FCF6-45D5-B8A9-BF50863CE7CB}.Release|Win32.Build.0 = Release|Win32
		{2BDD6D30-B750-49DE-927C-9210FAAD467D}.Debug|Win32.ActiveCfg = Debug|Win32
		{2BDD6D30-B750-49DE-927C-9210FAAD467D}.Debug|Win32.Build.0 = Debug|Win32
		{2BDD6D30-B750-49DE-927C-9210FAAD467D}.Release|Win32.ActiveCfg = Release|Win32
		{2BDD6D30-B750-49DE-927C-9210FAAD467D}.Release|Win32.Build.0 = Release|Win32
		{C8DF2B4E-7343-451B-BA0C-36BAF061EE69}.Debug|Win32.ActiveCfg = Debug|Win32
		{C8DF2B4E-7343-451B-BA0C-36BAF061EE69}.Debug|Win32.Build.0 = Debug|Win32
		{C8DF2B4E-7343-451B-BA0C-36BAF061EE69}.Release|Win32.ActiveCfg = Release|Win32
		{C8DF2B4E-7343-451B-BA0C-36BAF061EE69}.Release|Win32.Build.0 = Release|Win32
		{B18AC9F8-7D2B-4B89-8166-549EF5C90AC5}.Debug|Win32.ActiveCfg = Debug|Win32
		{B18AC9F8-7D2B-4B89-8166-549EF5C90AC5}.Debug|Win32.Build.0 = Debug|Win32
		{B18AC9F8-7D2B-4B89-8166-549EF5C90AC5}.Release|Win32.ActiveCfg = Release|Win32
		{B18AC9F8-7D2B-4B89-8166-549EF5C90AC5}.Release|Win32.Build.0 = Release|Win32
		{733A73BB-02D8-48FA-BAAE-2FF2D6DB7D33}.Debug|Win32.ActiveCfg = Debug|Win32
		{733A73BB-02D8-48FA-BAAE-2FF2D6DB7D33}.Debug|Win32.Build.0 = Debug|Win32
		{733A73BB-02D8-48FA-BAAE-2FF2D6DB7D33}.Release|Win32.ActiveCfg = Release|Win32
		{733A73BB-02D8-48FA-BAAE-2FF2D6DB7D33}.Release|Win32.Build.0 = Release|Win32
		{926E8DE0-FB82-4572-ACAE-71305B555572}.Debug|Win32.ActiveCfg = Debug|Win32
		{926E8DE0-FB82-4572-ACAE-71305B555572}.Debug|Win32.Build.0 = Debug|Win32
		{926E8DE0-FB82-4572-ACAE-71305B555572}.Release|Win32.ActiveCfg = Release|Win32
		{926E8DE0-FB82-4572-ACAE-71305B555572}.Release|Win32.Build.0 = Release|Win32
		{25D18C13-E524-4F07-8235-66A49A1610F5}.Debug|Win32.ActiveCfg = Debug|Win32
		{25D18C13-E524-4F07-8235-66A49A1610F5}.Debug|Win32.Build.0 = Debug|Win32
		{25D18C13-E524-4F07-8235-66A49A1610F5}.Release|Win32.ActiveCfg = Release|Win32
		{25D18C13-E524-4F07-8235-66A49A1610F5}.Release|Win32.Build.0 = Release|Win32
		{D07F3AC4-2C80-477E-B885-08BDF5D865E0}.Debug|Win32.ActiveCfg = Debug|Win32
		{D07F3AC4-2C80-477E-B885-08BDF5D865E0}.Debug|Win32.Build.0 = Debug|Win32
		{D07F3AC4-2C80-477E-B885-08BDF5D865E0}.Release|Win32.ActiveCfg = Release|Win32
		{D07F3AC4-2C80-477E-B885-08BDF5D865E0}.Release|Win32.Build.0 = Release|Win32
		{6F0264CE-6014-4C1E-A2D6-CCF9C0B29480}.Debug|Win32.ActiveCfg = Debug|Win32
		{6F0264CE-6014-4C1E-A2D6-CCF9C0B29480}.Debug|Win32.Build.0 = Debug|Win32
		{6F0264CE-6014-4C1E-A2D6-CCF9C0B29480}.Release|Win32.ActiveCfg = Release|Win32
		{6F0264CE-6014-4C1E-A2D6-CCF9C0B29480}.Release|Win32.Build.0 = Release|Win32
	EndGlobalSection
	GlobalSection(SolutionProperties) = preSolution
		HideSolutionNode = FALSE
	EndGlobalSection
EndGlobal
