Microsoft Visual Studio Solution File, Format Version 7.00
Project("{8BC9CEB8-8B4A-11D0-8D11-00A0C91BC942}") = "All", ".\All\All.vcproj", "{F7C8E58F-77A2-4DB2-B9B8-A32B869B9147}"
Project("{8BC9CEB8-8B4A-11D0-8D11-00A0C91BC942}") = "CORE_bzlib", ".\bzlib\CORE_bzlib_mtdll_lib.vcproj", "{125BF901-8C83-44A2-A8BA-FC24C837D8C3}"
EndProject
Project("{8BC9CEB8-8B4A-11D0-8D11-00A0C91BC942}") = "CORE_coders", ".\coders\CORE_coders_mtdll_lib.vcproj", "{CDAD96D9-3993-40B6-B904-ACD0A140E52B}"
EndProject
Project("{8BC9CEB8-8B4A-11D0-8D11-00A0C91BC942}") = "CORE_filters", ".\filters\CORE_filters_mtdll_lib.vcproj", "{474EF2A1-368C-4625-B8F4-9DF3A0F4EB59}"
EndProject
Project("{8BC9CEB8-8B4A-11D0-8D11-00A0C91BC942}") = "CORE_jbig", ".\jbig\CORE_jbig_mtdll_lib.vcproj", "{D9E27164-462C-4C2A-9F5B-CE11B48D8F6E}"
EndProject
Project("{8BC9CEB8-8B4A-11D0-8D11-00A0C91BC942}") = "CORE_jp2", ".\jp2\CORE_jp2_mtdll_lib.vcproj", "{26E76A0D-6DC4-4BD5-81C1-B6346DF707E2}"
EndProject
Project("{8BC9CEB8-8B4A-11D0-8D11-00A0C91BC942}") = "CORE_jpeg", ".\jpeg\CORE_jpeg_mtdll_lib.vcproj", "{F58359E1-B0E9-4D8B-BC36-06A7265DF59A}"
EndProject
Project("{8BC9CEB8-8B4A-11D0-8D11-00A0C91BC942}") = "CORE_lcms", ".\lcms\CORE_lcms_mtdll_lib.vcproj", "{0F527E7E-B87B-4A95-A1F3-F7FBAA11B5DA}"
EndProject
Project("{8BC9CEB8-8B4A-11D0-8D11-00A0C91BC942}") = "CORE_libxml", ".\libxml\CORE_libxml_mtdll_lib.vcproj", "{77BF0DA4-BFAF-4AF5-9BBF-6ECA03396ACD}"
EndProject
Project("{8BC9CEB8-8B4A-11D0-8D11-00A0C91BC942}") = "CORE_magick", ".\magick\CORE_magick_mtdll_lib.vcproj", "{5588D5BB-98F6-43C7-B859-790AE2A9EAC0}"
EndProject
Project("{8BC9CEB8-8B4A-11D0-8D11-00A0C91BC942}") = "CORE_Magick++", ".\Magick++\CORE_Magick++_mtdll_lib.vcproj", "{ECBC8BDE-79E3-4513-8867-E70B2A392A15}"
EndProject
Project("{8BC9CEB8-8B4A-11D0-8D11-00A0C91BC942}") = "CORE_png", ".\png\CORE_png_mtdll_lib.vcproj", "{ED3B0789-A835-4280-9035-B9A1F928CE69}"
EndProject
Project("{8BC9CEB8-8B4A-11D0-8D11-00A0C91BC942}") = "CORE_tiff", ".\tiff\CORE_tiff_mtdll_lib.vcproj", "{C6852A19-C3B3-4D99-B254-F75709BD0596}"
EndProject
Project("{8BC9CEB8-8B4A-11D0-8D11-00A0C91BC942}") = "CORE_ttf", ".\ttf\CORE_ttf_mtdll_lib.vcproj", "{24CF9F55-F503-40A0-8E51-128778EF3C5A}"
EndProject
Project("{8BC9CEB8-8B4A-11D0-8D11-00A0C91BC942}") = "CORE_wand", ".\wand\CORE_wand_mtdll_lib.vcproj", "{AEB0CF8F-D349-482D-8069-24E17F902521}"
EndProject
Project("{8BC9CEB8-8B4A-11D0-8D11-00A0C91BC942}") = "CORE_xlib", ".\xlib\CORE_xlib_mtdll_lib.vcproj", "{DA6905CA-88E6-4AC5-9B62-1A077D30DE3C}"
EndProject
Project("{8BC9CEB8-8B4A-11D0-8D11-00A0C91BC942}") = "CORE_zlib", ".\zlib\CORE_zlib_mtdll_lib.vcproj", "{435FE4A8-3474-45C3-84D5-250F335BD014}"
EndProject
Project("{8BC9CEB8-8B4A-11D0-8D11-00A0C91BC942}") = "CORE_wmf", ".\wmf\CORE_wmf_mtdll_lib.vcproj", "{A3D5490B-114F-450F-8BBF-9265193C96F5}"
EndProject
Project("{8BC9CEB8-8B4A-11D0-8D11-00A0C91BC942}") = "UTIL_dcraw", ".\dcraw\UTIL_dcraw_mtdll_exe.vcproj", "{203F8122-E1D8-4C34-900B-31F630D7C6AC}"
EndProject
Project("{8BC9CEB8-8B4A-11D0-8D11-00A0C91BC942}") = "UTIL_animate", ".\utilities\UTIL_animate_mtdll_exe.vcproj", "{2E9A1089-6834-4CA6-B087-250DAA98DC46}"
EndProject
Project("{8BC9CEB8-8B4A-11D0-8D11-00A0C91BC942}") = "UTIL_compare", ".\utilities\UTIL_compare_mtdll_exe.vcproj", "{52635453-0FF6-48F4-965F-C8D3473CC969}"
EndProject
Project("{8BC9CEB8-8B4A-11D0-8D11-00A0C91BC942}") = "UTIL_composite", ".\utilities\UTIL_composite_mtdll_exe.vcproj", "{9A649AF4-5498-4C91-94C1-8130DAE4B277}"
EndProject
Project("{8BC9CEB8-8B4A-11D0-8D11-00A0C91BC942}") = "UTIL_conjure", ".\utilities\UTIL_conjure_mtdll_exe.vcproj", "{28B04811-FCF6-45D5-B8A9-BF50863CE7CB}"
EndProject
Project("{8BC9CEB8-8B4A-11D0-8D11-00A0C91BC942}") = "UTIL_convert", ".\utilities\UTIL_convert_mtdll_exe.vcproj", "{2BDD6D30-B750-49DE-927C-9210FAAD467D}"
EndProject
Project("{8BC9CEB8-8B4A-11D0-8D11-00A0C91BC942}") = "UTIL_display", ".\utilities\UTIL_display_mtdll_exe.vcproj", "{C8DF2B4E-7343-451B-BA0C-36BAF061EE69}"
EndProject
Project("{8BC9CEB8-8B4A-11D0-8D11-00A0C91BC942}") = "UTIL_identify", ".\utilities\UTIL_identify_mtdll_exe.vcproj", "{B18AC9F8-7D2B-4B89-8166-549EF5C90AC5}"
EndProject
Project("{8BC9CEB8-8B4A-11D0-8D11-00A0C91BC942}") = "UTIL_import", ".\utilities\UTIL_import_mtdll_exe.vcproj", "{733A73BB-02D8-48FA-BAAE-2FF2D6DB7D33}"
EndProject
Project("{8BC9CEB8-8B4A-11D0-8D11-00A0C91BC942}") = "UTIL_mogrify", ".\utilities\UTIL_mogrify_mtdll_exe.vcproj", "{926E8DE0-FB82-4572-ACAE-71305B555572}"
EndProject
Project("{8BC9CEB8-8B4A-11D0-8D11-00A0C91BC942}") = "UTIL_montage", ".\utilities\UTIL_montage_mtdll_exe.vcproj", "{25D18C13-E524-4F07-8235-66A49A1610F5}"
EndProject
Project("{8BC9CEB8-8B4A-11D0-8D11-00A0C91BC942}") = "UTIL_stream", ".\utilities\UTIL_stream_mtdll_exe.vcproj", "{D07F3AC4-2C80-477E-B885-08BDF5D865E0}"
EndProject
EndProject
Global
	GlobalSection(SolutionConfiguration) = preSolution
		ConfigName.0 = Debug
		ConfigName.1 = Release
	EndGlobalSection
	GlobalSection(ProjectDependencies) = postSolution
		{F7C8E58F-77A2-4DB2-B9B8-A32B869B9147}.0 = {435FE4A8-3474-45C3-84D5-250F335BD014}
		{F7C8E58F-77A2-4DB2-B9B8-A32B869B9147}.1 = {125BF901-8C83-44A2-A8BA-FC24C837D8C3}
		{F7C8E58F-77A2-4DB2-B9B8-A32B869B9147}.2 = {F58359E1-B0E9-4D8B-BC36-06A7265DF59A}
		{F7C8E58F-77A2-4DB2-B9B8-A32B869B9147}.3 = {CDAD96D9-3993-40B6-B904-ACD0A140E52B}
		{F7C8E58F-77A2-4DB2-B9B8-A32B869B9147}.4 = {474EF2A1-368C-4625-B8F4-9DF3A0F4EB59}
		{F7C8E58F-77A2-4DB2-B9B8-A32B869B9147}.5 = {D9E27164-462C-4C2A-9F5B-CE11B48D8F6E}
		{F7C8E58F-77A2-4DB2-B9B8-A32B869B9147}.6 = {26E76A0D-6DC4-4BD5-81C1-B6346DF707E2}
		{F7C8E58F-77A2-4DB2-B9B8-A32B869B9147}.7 = {0F527E7E-B87B-4A95-A1F3-F7FBAA11B5DA}
		{F7C8E58F-77A2-4DB2-B9B8-A32B869B9147}.8 = {77BF0DA4-BFAF-4AF5-9BBF-6ECA03396ACD}
		{F7C8E58F-77A2-4DB2-B9B8-A32B869B9147}.9 = {ED3B0789-A835-4280-9035-B9A1F928CE69}
		{F7C8E58F-77A2-4DB2-B9B8-A32B869B9147}.10 = {C6852A19-C3B3-4D99-B254-F75709BD0596}
		{F7C8E58F-77A2-4DB2-B9B8-A32B869B9147}.11 = {24CF9F55-F503-40A0-8E51-128778EF3C5A}
		{F7C8E58F-77A2-4DB2-B9B8-A32B869B9147}.12 = {AEB0CF8F-D349-482D-8069-24E17F902521}
		{F7C8E58F-77A2-4DB2-B9B8-A32B869B9147}.13 = {DA6905CA-88E6-4AC5-9B62-1A077D30DE3C}
		{F7C8E58F-77A2-4DB2-B9B8-A32B869B9147}.14 = {A3D5490B-114F-450F-8BBF-9265193C96F5}
		{F7C8E58F-77A2-4DB2-B9B8-A32B869B9147}.15 = {5588D5BB-98F6-43C7-B859-790AE2A9EAC0}
		{F7C8E58F-77A2-4DB2-B9B8-A32B869B9147}.16 = {AEB0CF8F-D349-482D-8069-24E17F902521}
		{F7C8E58F-77A2-4DB2-B9B8-A32B869B9147}.17 = {ECBC8BDE-79E3-4513-8867-E70B2A392A15}
		{F7C8E58F-77A2-4DB2-B9B8-A32B869B9147}.18 = {203F8122-E1D8-4C34-900B-31F630D7C6AC}
		{F7C8E58F-77A2-4DB2-B9B8-A32B869B9147}.19 = {2E9A1089-6834-4CA6-B087-250DAA98DC46}
		{F7C8E58F-77A2-4DB2-B9B8-A32B869B9147}.20 = {52635453-0FF6-48F4-965F-C8D3473CC969}
		{F7C8E58F-77A2-4DB2-B9B8-A32B869B9147}.21 = {9A649AF4-5498-4C91-94C1-8130DAE4B277}
		{F7C8E58F-77A2-4DB2-B9B8-A32B869B9147}.22 = {28B04811-FCF6-45D5-B8A9-BF50863CE7CB}
		{F7C8E58F-77A2-4DB2-B9B8-A32B869B9147}.23 = {2BDD6D30-B750-49DE-927C-9210FAAD467D}
		{F7C8E58F-77A2-4DB2-B9B8-A32B869B9147}.24 = {C8DF2B4E-7343-451B-BA0C-36BAF061EE69}
		{F7C8E58F-77A2-4DB2-B9B8-A32B869B9147}.25 = {B18AC9F8-7D2B-4B89-8166-549EF5C90AC5}
		{F7C8E58F-77A2-4DB2-B9B8-A32B869B9147}.26 = {733A73BB-02D8-48FA-BAAE-2FF2D6DB7D33}
		{F7C8E58F-77A2-4DB2-B9B8-A32B869B9147}.27 = {926E8DE0-FB82-4572-ACAE-71305B555572}
		{F7C8E58F-77A2-4DB2-B9B8-A32B869B9147}.28 = {25D18C13-E524-4F07-8235-66A49A1610F5}
		{F7C8E58F-77A2-4DB2-B9B8-A32B869B9147}.29 = {D07F3AC4-2C80-477E-B885-08BDF5D865E0}
		{203F8122-E1D8-4C34-900B-31F630D7C6AC}.0 = {435FE4A8-3474-45C3-84D5-250F335BD014}
		{203F8122-E1D8-4C34-900B-31F630D7C6AC}.1 = {125BF901-8C83-44A2-A8BA-FC24C837D8C3}
		{203F8122-E1D8-4C34-900B-31F630D7C6AC}.2 = {F58359E1-B0E9-4D8B-BC36-06A7265DF59A}
		{203F8122-E1D8-4C34-900B-31F630D7C6AC}.3 = {CDAD96D9-3993-40B6-B904-ACD0A140E52B}
		{203F8122-E1D8-4C34-900B-31F630D7C6AC}.4 = {474EF2A1-368C-4625-B8F4-9DF3A0F4EB59}
		{203F8122-E1D8-4C34-900B-31F630D7C6AC}.5 = {D9E27164-462C-4C2A-9F5B-CE11B48D8F6E}
		{203F8122-E1D8-4C34-900B-31F630D7C6AC}.6 = {26E76A0D-6DC4-4BD5-81C1-B6346DF707E2}
		{203F8122-E1D8-4C34-900B-31F630D7C6AC}.7 = {0F527E7E-B87B-4A95-A1F3-F7FBAA11B5DA}
		{203F8122-E1D8-4C34-900B-31F630D7C6AC}.8 = {77BF0DA4-BFAF-4AF5-9BBF-6ECA03396ACD}
		{203F8122-E1D8-4C34-900B-31F630D7C6AC}.9 = {ED3B0789-A835-4280-9035-B9A1F928CE69}
		{203F8122-E1D8-4C34-900B-31F630D7C6AC}.10 = {C6852A19-C3B3-4D99-B254-F75709BD0596}
		{203F8122-E1D8-4C34-900B-31F630D7C6AC}.11 = {24CF9F55-F503-40A0-8E51-128778EF3C5A}
		{203F8122-E1D8-4C34-900B-31F630D7C6AC}.12 = {AEB0CF8F-D349-482D-8069-24E17F902521}
		{203F8122-E1D8-4C34-900B-31F630D7C6AC}.13 = {DA6905CA-88E6-4AC5-9B62-1A077D30DE3C}
		{203F8122-E1D8-4C34-900B-31F630D7C6AC}.14 = {A3D5490B-114F-450F-8BBF-9265193C96F5}
		{203F8122-E1D8-4C34-900B-31F630D7C6AC}.15 = {5588D5BB-98F6-43C7-B859-790AE2A9EAC0}
		{203F8122-E1D8-4C34-900B-31F630D7C6AC}.16 = {AEB0CF8F-D349-482D-8069-24E17F902521}
		{2E9A1089-6834-4CA6-B087-250DAA98DC46}.0 = {435FE4A8-3474-45C3-84D5-250F335BD014}
		{2E9A1089-6834-4CA6-B087-250DAA98DC46}.1 = {125BF901-8C83-44A2-A8BA-FC24C837D8C3}
		{2E9A1089-6834-4CA6-B087-250DAA98DC46}.2 = {F58359E1-B0E9-4D8B-BC36-06A7265DF59A}
		{2E9A1089-6834-4CA6-B087-250DAA98DC46}.3 = {CDAD96D9-3993-40B6-B904-ACD0A140E52B}
		{2E9A1089-6834-4CA6-B087-250DAA98DC46}.4 = {474EF2A1-368C-4625-B8F4-9DF3A0F4EB59}
		{2E9A1089-6834-4CA6-B087-250DAA98DC46}.5 = {D9E27164-462C-4C2A-9F5B-CE11B48D8F6E}
		{2E9A1089-6834-4CA6-B087-250DAA98DC46}.6 = {26E76A0D-6DC4-4BD5-81C1-B6346DF707E2}
		{2E9A1089-6834-4CA6-B087-250DAA98DC46}.7 = {0F527E7E-B87B-4A95-A1F3-F7FBAA11B5DA}
		{2E9A1089-6834-4CA6-B087-250DAA98DC46}.8 = {77BF0DA4-BFAF-4AF5-9BBF-6ECA03396ACD}
		{2E9A1089-6834-4CA6-B087-250DAA98DC46}.9 = {ED3B0789-A835-4280-9035-B9A1F928CE69}
		{2E9A1089-6834-4CA6-B087-250DAA98DC46}.10 = {C6852A19-C3B3-4D99-B254-F75709BD0596}
		{2E9A1089-6834-4CA6-B087-250DAA98DC46}.11 = {24CF9F55-F503-40A0-8E51-128778EF3C5A}
		{2E9A1089-6834-4CA6-B087-250DAA98DC46}.12 = {AEB0CF8F-D349-482D-8069-24E17F902521}
		{2E9A1089-6834-4CA6-B087-250DAA98DC46}.13 = {DA6905CA-88E6-4AC5-9B62-1A077D30DE3C}
		{2E9A1089-6834-4CA6-B087-250DAA98DC46}.14 = {A3D5490B-114F-450F-8BBF-9265193C96F5}
		{2E9A1089-6834-4CA6-B087-250DAA98DC46}.15 = {5588D5BB-98F6-43C7-B859-790AE2A9EAC0}
		{2E9A1089-6834-4CA6-B087-250DAA98DC46}.16 = {AEB0CF8F-D349-482D-8069-24E17F902521}
		{52635453-0FF6-48F4-965F-C8D3473CC969}.0 = {435FE4A8-3474-45C3-84D5-250F335BD014}
		{52635453-0FF6-48F4-965F-C8D3473CC969}.1 = {125BF901-8C83-44A2-A8BA-FC24C837D8C3}
		{52635453-0FF6-48F4-965F-C8D3473CC969}.2 = {F58359E1-B0E9-4D8B-BC36-06A7265DF59A}
		{52635453-0FF6-48F4-965F-C8D3473CC969}.3 = {CDAD96D9-3993-40B6-B904-ACD0A140E52B}
		{52635453-0FF6-48F4-965F-C8D3473CC969}.4 = {474EF2A1-368C-4625-B8F4-9DF3A0F4EB59}
		{52635453-0FF6-48F4-965F-C8D3473CC969}.5 = {D9E27164-462C-4C2A-9F5B-CE11B48D8F6E}
		{52635453-0FF6-48F4-965F-C8D3473CC969}.6 = {26E76A0D-6DC4-4BD5-81C1-B6346DF707E2}
		{52635453-0FF6-48F4-965F-C8D3473CC969}.7 = {0F527E7E-B87B-4A95-A1F3-F7FBAA11B5DA}
		{52635453-0FF6-48F4-965F-C8D3473CC969}.8 = {77BF0DA4-BFAF-4AF5-9BBF-6ECA03396ACD}
		{52635453-0FF6-48F4-965F-C8D3473CC969}.9 = {ED3B0789-A835-4280-9035-B9A1F928CE69}
		{52635453-0FF6-48F4-965F-C8D3473CC969}.10 = {C6852A19-C3B3-4D99-B254-F75709BD0596}
		{52635453-0FF6-48F4-965F-C8D3473CC969}.11 = {24CF9F55-F503-40A0-8E51-128778EF3C5A}
		{52635453-0FF6-48F4-965F-C8D3473CC969}.12 = {AEB0CF8F-D349-482D-8069-24E17F902521}
		{52635453-0FF6-48F4-965F-C8D3473CC969}.13 = {DA6905CA-88E6-4AC5-9B62-1A077D30DE3C}
		{52635453-0FF6-48F4-965F-C8D3473CC969}.14 = {A3D5490B-114F-450F-8BBF-9265193C96F5}
		{52635453-0FF6-48F4-965F-C8D3473CC969}.15 = {5588D5BB-98F6-43C7-B859-790AE2A9EAC0}
		{52635453-0FF6-48F4-965F-C8D3473CC969}.16 = {AEB0CF8F-D349-482D-8069-24E17F902521}
		{9A649AF4-5498-4C91-94C1-8130DAE4B277}.0 = {435FE4A8-3474-45C3-84D5-250F335BD014}
		{9A649AF4-5498-4C91-94C1-8130DAE4B277}.1 = {125BF901-8C83-44A2-A8BA-FC24C837D8C3}
		{9A649AF4-5498-4C91-94C1-8130DAE4B277}.2 = {F58359E1-B0E9-4D8B-BC36-06A7265DF59A}
		{9A649AF4-5498-4C91-94C1-8130DAE4B277}.3 = {CDAD96D9-3993-40B6-B904-ACD0A140E52B}
		{9A649AF4-5498-4C91-94C1-8130DAE4B277}.4 = {474EF2A1-368C-4625-B8F4-9DF3A0F4EB59}
		{9A649AF4-5498-4C91-94C1-8130DAE4B277}.5 = {D9E27164-462C-4C2A-9F5B-CE11B48D8F6E}
		{9A649AF4-5498-4C91-94C1-8130DAE4B277}.6 = {26E76A0D-6DC4-4BD5-81C1-B6346DF707E2}
		{9A649AF4-5498-4C91-94C1-8130DAE4B277}.7 = {0F527E7E-B87B-4A95-A1F3-F7FBAA11B5DA}
		{9A649AF4-5498-4C91-94C1-8130DAE4B277}.8 = {77BF0DA4-BFAF-4AF5-9BBF-6ECA03396ACD}
		{9A649AF4-5498-4C91-94C1-8130DAE4B277}.9 = {ED3B0789-A835-4280-9035-B9A1F928CE69}
		{9A649AF4-5498-4C91-94C1-8130DAE4B277}.10 = {C6852A19-C3B3-4D99-B254-F75709BD0596}
		{9A649AF4-5498-4C91-94C1-8130DAE4B277}.11 = {24CF9F55-F503-40A0-8E51-128778EF3C5A}
		{9A649AF4-5498-4C91-94C1-8130DAE4B277}.12 = {AEB0CF8F-D349-482D-8069-24E17F902521}
		{9A649AF4-5498-4C91-94C1-8130DAE4B277}.13 = {DA6905CA-88E6-4AC5-9B62-1A077D30DE3C}
		{9A649AF4-5498-4C91-94C1-8130DAE4B277}.14 = {A3D5490B-114F-450F-8BBF-9265193C96F5}
		{9A649AF4-5498-4C91-94C1-8130DAE4B277}.15 = {5588D5BB-98F6-43C7-B859-790AE2A9EAC0}
		{9A649AF4-5498-4C91-94C1-8130DAE4B277}.16 = {AEB0CF8F-D349-482D-8069-24E17F902521}
		{28B04811-FCF6-45D5-B8A9-BF50863CE7CB}.0 = {435FE4A8-3474-45C3-84D5-250F335BD014}
		{28B04811-FCF6-45D5-B8A9-BF50863CE7CB}.1 = {125BF901-8C83-44A2-A8BA-FC24C837D8C3}
		{28B04811-FCF6-45D5-B8A9-BF50863CE7CB}.2 = {F58359E1-B0E9-4D8B-BC36-06A7265DF59A}
		{28B04811-FCF6-45D5-B8A9-BF50863CE7CB}.3 = {CDAD96D9-3993-40B6-B904-ACD0A140E52B}
		{28B04811-FCF6-45D5-B8A9-BF50863CE7CB}.4 = {474EF2A1-368C-4625-B8F4-9DF3A0F4EB59}
		{28B04811-FCF6-45D5-B8A9-BF50863CE7CB}.5 = {D9E27164-462C-4C2A-9F5B-CE11B48D8F6E}
		{28B04811-FCF6-45D5-B8A9-BF50863CE7CB}.6 = {26E76A0D-6DC4-4BD5-81C1-B6346DF707E2}
		{28B04811-FCF6-45D5-B8A9-BF50863CE7CB}.7 = {0F527E7E-B87B-4A95-A1F3-F7FBAA11B5DA}
		{28B04811-FCF6-45D5-B8A9-BF50863CE7CB}.8 = {77BF0DA4-BFAF-4AF5-9BBF-6ECA03396ACD}
		{28B04811-FCF6-45D5-B8A9-BF50863CE7CB}.9 = {ED3B0789-A835-4280-9035-B9A1F928CE69}
		{28B04811-FCF6-45D5-B8A9-BF50863CE7CB}.10 = {C6852A19-C3B3-4D99-B254-F75709BD0596}
		{28B04811-FCF6-45D5-B8A9-BF50863CE7CB}.11 = {24CF9F55-F503-40A0-8E51-128778EF3C5A}
		{28B04811-FCF6-45D5-B8A9-BF50863CE7CB}.12 = {AEB0CF8F-D349-482D-8069-24E17F902521}
		{28B04811-FCF6-45D5-B8A9-BF50863CE7CB}.13 = {DA6905CA-88E6-4AC5-9B62-1A077D30DE3C}
		{28B04811-FCF6-45D5-B8A9-BF50863CE7CB}.14 = {A3D5490B-114F-450F-8BBF-9265193C96F5}
		{28B04811-FCF6-45D5-B8A9-BF50863CE7CB}.15 = {5588D5BB-98F6-43C7-B859-790AE2A9EAC0}
		{28B04811-FCF6-45D5-B8A9-BF50863CE7CB}.16 = {AEB0CF8F-D349-482D-8069-24E17F902521}
		{2BDD6D30-B750-49DE-927C-9210FAAD467D}.0 = {435FE4A8-3474-45C3-84D5-250F335BD014}
		{2BDD6D30-B750-49DE-927C-9210FAAD467D}.1 = {125BF901-8C83-44A2-A8BA-FC24C837D8C3}
		{2BDD6D30-B750-49DE-927C-9210FAAD467D}.2 = {F58359E1-B0E9-4D8B-BC36-06A7265DF59A}
		{2BDD6D30-B750-49DE-927C-9210FAAD467D}.3 = {CDAD96D9-3993-40B6-B904-ACD0A140E52B}
		{2BDD6D30-B750-49DE-927C-9210FAAD467D}.4 = {474EF2A1-368C-4625-B8F4-9DF3A0F4EB59}
		{2BDD6D30-B750-49DE-927C-9210FAAD467D}.5 = {D9E27164-462C-4C2A-9F5B-CE11B48D8F6E}
		{2BDD6D30-B750-49DE-927C-9210FAAD467D}.6 = {26E76A0D-6DC4-4BD5-81C1-B6346DF707E2}
		{2BDD6D30-B750-49DE-927C-9210FAAD467D}.7 = {0F527E7E-B87B-4A95-A1F3-F7FBAA11B5DA}
		{2BDD6D30-B750-49DE-927C-9210FAAD467D}.8 = {77BF0DA4-BFAF-4AF5-9BBF-6ECA03396ACD}
		{2BDD6D30-B750-49DE-927C-9210FAAD467D}.9 = {ED3B0789-A835-4280-9035-B9A1F928CE69}
		{2BDD6D30-B750-49DE-927C-9210FAAD467D}.10 = {C6852A19-C3B3-4D99-B254-F75709BD0596}
		{2BDD6D30-B750-49DE-927C-9210FAAD467D}.11 = {24CF9F55-F503-40A0-8E51-128778EF3C5A}
		{2BDD6D30-B750-49DE-927C-9210FAAD467D}.12 = {AEB0CF8F-D349-482D-8069-24E17F902521}
		{2BDD6D30-B750-49DE-927C-9210FAAD467D}.13 = {DA6905CA-88E6-4AC5-9B62-1A077D30DE3C}
		{2BDD6D30-B750-49DE-927C-9210FAAD467D}.14 = {A3D5490B-114F-450F-8BBF-9265193C96F5}
		{2BDD6D30-B750-49DE-927C-9210FAAD467D}.15 = {5588D5BB-98F6-43C7-B859-790AE2A9EAC0}
		{2BDD6D30-B750-49DE-927C-9210FAAD467D}.16 = {AEB0CF8F-D349-482D-8069-24E17F902521}
		{C8DF2B4E-7343-451B-BA0C-36BAF061EE69}.0 = {435FE4A8-3474-45C3-84D5-250F335BD014}
		{C8DF2B4E-7343-451B-BA0C-36BAF061EE69}.1 = {125BF901-8C83-44A2-A8BA-FC24C837D8C3}
		{C8DF2B4E-7343-451B-BA0C-36BAF061EE69}.2 = {F58359E1-B0E9-4D8B-BC36-06A7265DF59A}
		{C8DF2B4E-7343-451B-BA0C-36BAF061EE69}.3 = {CDAD96D9-3993-40B6-B904-ACD0A140E52B}
		{C8DF2B4E-7343-451B-BA0C-36BAF061EE69}.4 = {474EF2A1-368C-4625-B8F4-9DF3A0F4EB59}
		{C8DF2B4E-7343-451B-BA0C-36BAF061EE69}.5 = {D9E27164-462C-4C2A-9F5B-CE11B48D8F6E}
		{C8DF2B4E-7343-451B-BA0C-36BAF061EE69}.6 = {26E76A0D-6DC4-4BD5-81C1-B6346DF707E2}
		{C8DF2B4E-7343-451B-BA0C-36BAF061EE69}.7 = {0F527E7E-B87B-4A95-A1F3-F7FBAA11B5DA}
		{C8DF2B4E-7343-451B-BA0C-36BAF061EE69}.8 = {77BF0DA4-BFAF-4AF5-9BBF-6ECA03396ACD}
		{C8DF2B4E-7343-451B-BA0C-36BAF061EE69}.9 = {ED3B0789-A835-4280-9035-B9A1F928CE69}
		{C8DF2B4E-7343-451B-BA0C-36BAF061EE69}.10 = {C6852A19-C3B3-4D99-B254-F75709BD0596}
		{C8DF2B4E-7343-451B-BA0C-36BAF061EE69}.11 = {24CF9F55-F503-40A0-8E51-128778EF3C5A}
		{C8DF2B4E-7343-451B-BA0C-36BAF061EE69}.12 = {AEB0CF8F-D349-482D-8069-24E17F902521}
		{C8DF2B4E-7343-451B-BA0C-36BAF061EE69}.13 = {DA6905CA-88E6-4AC5-9B62-1A077D30DE3C}
		{C8DF2B4E-7343-451B-BA0C-36BAF061EE69}.14 = {A3D5490B-114F-450F-8BBF-9265193C96F5}
		{C8DF2B4E-7343-451B-BA0C-36BAF061EE69}.15 = {5588D5BB-98F6-43C7-B859-790AE2A9EAC0}
		{C8DF2B4E-7343-451B-BA0C-36BAF061EE69}.16 = {AEB0CF8F-D349-482D-8069-24E17F902521}
		{B18AC9F8-7D2B-4B89-8166-549EF5C90AC5}.0 = {435FE4A8-3474-45C3-84D5-250F335BD014}
		{B18AC9F8-7D2B-4B89-8166-549EF5C90AC5}.1 = {125BF901-8C83-44A2-A8BA-FC24C837D8C3}
		{B18AC9F8-7D2B-4B89-8166-549EF5C90AC5}.2 = {F58359E1-B0E9-4D8B-BC36-06A7265DF59A}
		{B18AC9F8-7D2B-4B89-8166-549EF5C90AC5}.3 = {CDAD96D9-3993-40B6-B904-ACD0A140E52B}
		{B18AC9F8-7D2B-4B89-8166-549EF5C90AC5}.4 = {474EF2A1-368C-4625-B8F4-9DF3A0F4EB59}
		{B18AC9F8-7D2B-4B89-8166-549EF5C90AC5}.5 = {D9E27164-462C-4C2A-9F5B-CE11B48D8F6E}
		{B18AC9F8-7D2B-4B89-8166-549EF5C90AC5}.6 = {26E76A0D-6DC4-4BD5-81C1-B6346DF707E2}
		{B18AC9F8-7D2B-4B89-8166-549EF5C90AC5}.7 = {0F527E7E-B87B-4A95-A1F3-F7FBAA11B5DA}
		{B18AC9F8-7D2B-4B89-8166-549EF5C90AC5}.8 = {77BF0DA4-BFAF-4AF5-9BBF-6ECA03396ACD}
		{B18AC9F8-7D2B-4B89-8166-549EF5C90AC5}.9 = {ED3B0789-A835-4280-9035-B9A1F928CE69}
		{B18AC9F8-7D2B-4B89-8166-549EF5C90AC5}.10 = {C6852A19-C3B3-4D99-B254-F75709BD0596}
		{B18AC9F8-7D2B-4B89-8166-549EF5C90AC5}.11 = {24CF9F55-F503-40A0-8E51-128778EF3C5A}
		{B18AC9F8-7D2B-4B89-8166-549EF5C90AC5}.12 = {AEB0CF8F-D349-482D-8069-24E17F902521}
		{B18AC9F8-7D2B-4B89-8166-549EF5C90AC5}.13 = {DA6905CA-88E6-4AC5-9B62-1A077D30DE3C}
		{B18AC9F8-7D2B-4B89-8166-549EF5C90AC5}.14 = {A3D5490B-114F-450F-8BBF-9265193C96F5}
		{B18AC9F8-7D2B-4B89-8166-549EF5C90AC5}.15 = {5588D5BB-98F6-43C7-B859-790AE2A9EAC0}
		{B18AC9F8-7D2B-4B89-8166-549EF5C90AC5}.16 = {AEB0CF8F-D349-482D-8069-24E17F902521}
		{733A73BB-02D8-48FA-BAAE-2FF2D6DB7D33}.0 = {435FE4A8-3474-45C3-84D5-250F335BD014}
		{733A73BB-02D8-48FA-BAAE-2FF2D6DB7D33}.1 = {125BF901-8C83-44A2-A8BA-FC24C837D8C3}
		{733A73BB-02D8-48FA-BAAE-2FF2D6DB7D33}.2 = {F58359E1-B0E9-4D8B-BC36-06A7265DF59A}
		{733A73BB-02D8-48FA-BAAE-2FF2D6DB7D33}.3 = {CDAD96D9-3993-40B6-B904-ACD0A140E52B}
		{733A73BB-02D8-48FA-BAAE-2FF2D6DB7D33}.4 = {474EF2A1-368C-4625-B8F4-9DF3A0F4EB59}
		{733A73BB-02D8-48FA-BAAE-2FF2D6DB7D33}.5 = {D9E27164-462C-4C2A-9F5B-CE11B48D8F6E}
		{733A73BB-02D8-48FA-BAAE-2FF2D6DB7D33}.6 = {26E76A0D-6DC4-4BD5-81C1-B6346DF707E2}
		{733A73BB-02D8-48FA-BAAE-2FF2D6DB7D33}.7 = {0F527E7E-B87B-4A95-A1F3-F7FBAA11B5DA}
		{733A73BB-02D8-48FA-BAAE-2FF2D6DB7D33}.8 = {77BF0DA4-BFAF-4AF5-9BBF-6ECA03396ACD}
		{733A73BB-02D8-48FA-BAAE-2FF2D6DB7D33}.9 = {ED3B0789-A835-4280-9035-B9A1F928CE69}
		{733A73BB-02D8-48FA-BAAE-2FF2D6DB7D33}.10 = {C6852A19-C3B3-4D99-B254-F75709BD0596}
		{733A73BB-02D8-48FA-BAAE-2FF2D6DB7D33}.11 = {24CF9F55-F503-40A0-8E51-128778EF3C5A}
		{733A73BB-02D8-48FA-BAAE-2FF2D6DB7D33}.12 = {AEB0CF8F-D349-482D-8069-24E17F902521}
		{733A73BB-02D8-48FA-BAAE-2FF2D6DB7D33}.13 = {DA6905CA-88E6-4AC5-9B62-1A077D30DE3C}
		{733A73BB-02D8-48FA-BAAE-2FF2D6DB7D33}.14 = {A3D5490B-114F-450F-8BBF-9265193C96F5}
		{733A73BB-02D8-48FA-BAAE-2FF2D6DB7D33}.15 = {5588D5BB-98F6-43C7-B859-790AE2A9EAC0}
		{733A73BB-02D8-48FA-BAAE-2FF2D6DB7D33}.16 = {AEB0CF8F-D349-482D-8069-24E17F902521}
		{926E8DE0-FB82-4572-ACAE-71305B555572}.0 = {435FE4A8-3474-45C3-84D5-250F335BD014}
		{926E8DE0-FB82-4572-ACAE-71305B555572}.1 = {125BF901-8C83-44A2-A8BA-FC24C837D8C3}
		{926E8DE0-FB82-4572-ACAE-71305B555572}.2 = {F58359E1-B0E9-4D8B-BC36-06A7265DF59A}
		{926E8DE0-FB82-4572-ACAE-71305B555572}.3 = {CDAD96D9-3993-40B6-B904-ACD0A140E52B}
		{926E8DE0-FB82-4572-ACAE-71305B555572}.4 = {474EF2A1-368C-4625-B8F4-9DF3A0F4EB59}
		{926E8DE0-FB82-4572-ACAE-71305B555572}.5 = {D9E27164-462C-4C2A-9F5B-CE11B48D8F6E}
		{926E8DE0-FB82-4572-ACAE-71305B555572}.6 = {26E76A0D-6DC4-4BD5-81C1-B6346DF707E2}
		{926E8DE0-FB82-4572-ACAE-71305B555572}.7 = {0F527E7E-B87B-4A95-A1F3-F7FBAA11B5DA}
		{926E8DE0-FB82-4572-ACAE-71305B555572}.8 = {77BF0DA4-BFAF-4AF5-9BBF-6ECA03396ACD}
		{926E8DE0-FB82-4572-ACAE-71305B555572}.9 = {ED3B0789-A835-4280-9035-B9A1F928CE69}
		{926E8DE0-FB82-4572-ACAE-71305B555572}.10 = {C6852A19-C3B3-4D99-B254-F75709BD0596}
		{926E8DE0-FB82-4572-ACAE-71305B555572}.11 = {24CF9F55-F503-40A0-8E51-128778EF3C5A}
		{926E8DE0-FB82-4572-ACAE-71305B555572}.12 = {AEB0CF8F-D349-482D-8069-24E17F902521}
		{926E8DE0-FB82-4572-ACAE-71305B555572}.13 = {DA6905CA-88E6-4AC5-9B62-1A077D30DE3C}
		{926E8DE0-FB82-4572-ACAE-71305B555572}.14 = {A3D5490B-114F-450F-8BBF-9265193C96F5}
		{926E8DE0-FB82-4572-ACAE-71305B555572}.15 = {5588D5BB-98F6-43C7-B859-790AE2A9EAC0}
		{926E8DE0-FB82-4572-ACAE-71305B555572}.16 = {AEB0CF8F-D349-482D-8069-24E17F902521}
		{25D18C13-E524-4F07-8235-66A49A1610F5}.0 = {435FE4A8-3474-45C3-84D5-250F335BD014}
		{25D18C13-E524-4F07-8235-66A49A1610F5}.1 = {125BF901-8C83-44A2-A8BA-FC24C837D8C3}
		{25D18C13-E524-4F07-8235-66A49A1610F5}.2 = {F58359E1-B0E9-4D8B-BC36-06A7265DF59A}
		{25D18C13-E524-4F07-8235-66A49A1610F5}.3 = {CDAD96D9-3993-40B6-B904-ACD0A140E52B}
		{25D18C13-E524-4F07-8235-66A49A1610F5}.4 = {474EF2A1-368C-4625-B8F4-9DF3A0F4EB59}
		{25D18C13-E524-4F07-8235-66A49A1610F5}.5 = {D9E27164-462C-4C2A-9F5B-CE11B48D8F6E}
		{25D18C13-E524-4F07-8235-66A49A1610F5}.6 = {26E76A0D-6DC4-4BD5-81C1-B6346DF707E2}
		{25D18C13-E524-4F07-8235-66A49A1610F5}.7 = {0F527E7E-B87B-4A95-A1F3-F7FBAA11B5DA}
		{25D18C13-E524-4F07-8235-66A49A1610F5}.8 = {77BF0DA4-BFAF-4AF5-9BBF-6ECA03396ACD}
		{25D18C13-E524-4F07-8235-66A49A1610F5}.9 = {ED3B0789-A835-4280-9035-B9A1F928CE69}
		{25D18C13-E524-4F07-8235-66A49A1610F5}.10 = {C6852A19-C3B3-4D99-B254-F75709BD0596}
		{25D18C13-E524-4F07-8235-66A49A1610F5}.11 = {24CF9F55-F503-40A0-8E51-128778EF3C5A}
		{25D18C13-E524-4F07-8235-66A49A1610F5}.12 = {AEB0CF8F-D349-482D-8069-24E17F902521}
		{25D18C13-E524-4F07-8235-66A49A1610F5}.13 = {DA6905CA-88E6-4AC5-9B62-1A077D30DE3C}
		{25D18C13-E524-4F07-8235-66A49A1610F5}.14 = {A3D5490B-114F-450F-8BBF-9265193C96F5}
		{25D18C13-E524-4F07-8235-66A49A1610F5}.15 = {5588D5BB-98F6-43C7-B859-790AE2A9EAC0}
		{25D18C13-E524-4F07-8235-66A49A1610F5}.16 = {AEB0CF8F-D349-482D-8069-24E17F902521}
		{D07F3AC4-2C80-477E-B885-08BDF5D865E0}.0 = {435FE4A8-3474-45C3-84D5-250F335BD014}
		{D07F3AC4-2C80-477E-B885-08BDF5D865E0}.1 = {125BF901-8C83-44A2-A8BA-FC24C837D8C3}
		{D07F3AC4-2C80-477E-B885-08BDF5D865E0}.2 = {F58359E1-B0E9-4D8B-BC36-06A7265DF59A}
		{D07F3AC4-2C80-477E-B885-08BDF5D865E0}.3 = {CDAD96D9-3993-40B6-B904-ACD0A140E52B}
		{D07F3AC4-2C80-477E-B885-08BDF5D865E0}.4 = {474EF2A1-368C-4625-B8F4-9DF3A0F4EB59}
		{D07F3AC4-2C80-477E-B885-08BDF5D865E0}.5 = {D9E27164-462C-4C2A-9F5B-CE11B48D8F6E}
		{D07F3AC4-2C80-477E-B885-08BDF5D865E0}.6 = {26E76A0D-6DC4-4BD5-81C1-B6346DF707E2}
		{D07F3AC4-2C80-477E-B885-08BDF5D865E0}.7 = {0F527E7E-B87B-4A95-A1F3-F7FBAA11B5DA}
		{D07F3AC4-2C80-477E-B885-08BDF5D865E0}.8 = {77BF0DA4-BFAF-4AF5-9BBF-6ECA03396ACD}
		{D07F3AC4-2C80-477E-B885-08BDF5D865E0}.9 = {ED3B0789-A835-4280-9035-B9A1F928CE69}
		{D07F3AC4-2C80-477E-B885-08BDF5D865E0}.10 = {C6852A19-C3B3-4D99-B254-F75709BD0596}
		{D07F3AC4-2C80-477E-B885-08BDF5D865E0}.11 = {24CF9F55-F503-40A0-8E51-128778EF3C5A}
		{D07F3AC4-2C80-477E-B885-08BDF5D865E0}.12 = {AEB0CF8F-D349-482D-8069-24E17F902521}
		{D07F3AC4-2C80-477E-B885-08BDF5D865E0}.13 = {DA6905CA-88E6-4AC5-9B62-1A077D30DE3C}
		{D07F3AC4-2C80-477E-B885-08BDF5D865E0}.14 = {A3D5490B-114F-450F-8BBF-9265193C96F5}
		{D07F3AC4-2C80-477E-B885-08BDF5D865E0}.15 = {5588D5BB-98F6-43C7-B859-790AE2A9EAC0}
		{D07F3AC4-2C80-477E-B885-08BDF5D865E0}.16 = {AEB0CF8F-D349-482D-8069-24E17F902521}
	EndGlobalSection
	GlobalSection(ProjectConfiguration) = postSolution
		{F7C8E58F-77A2-4DB2-B9B8-A32B869B9147}.Debug.ActiveCfg = Debug|Win32
		{F7C8E58F-77A2-4DB2-B9B8-A32B869B9147}.Debug.Build.0 = Debug|Win32
		{F7C8E58F-77A2-4DB2-B9B8-A32B869B9147}.Release.ActiveCfg = Release|Win32
		{F7C8E58F-77A2-4DB2-B9B8-A32B869B9147}.Release.Build.0 = Release|Win32
		{125BF901-8C83-44A2-A8BA-FC24C837D8C3}.Debug.ActiveCfg = Debug|Win32
		{125BF901-8C83-44A2-A8BA-FC24C837D8C3}.Debug.Build.0 = Debug|Win32
		{125BF901-8C83-44A2-A8BA-FC24C837D8C3}.Release.ActiveCfg = Release|Win32
		{125BF901-8C83-44A2-A8BA-FC24C837D8C3}.Release.Build.0 = Release|Win32
		{CDAD96D9-3993-40B6-B904-ACD0A140E52B}.Debug.ActiveCfg = Debug|Win32
		{CDAD96D9-3993-40B6-B904-ACD0A140E52B}.Debug.Build.0 = Debug|Win32
		{CDAD96D9-3993-40B6-B904-ACD0A140E52B}.Release.ActiveCfg = Release|Win32
		{CDAD96D9-3993-40B6-B904-ACD0A140E52B}.Release.Build.0 = Release|Win32
		{474EF2A1-368C-4625-B8F4-9DF3A0F4EB59}.Debug.ActiveCfg = Debug|Win32
		{474EF2A1-368C-4625-B8F4-9DF3A0F4EB59}.Debug.Build.0 = Debug|Win32
		{474EF2A1-368C-4625-B8F4-9DF3A0F4EB59}.Release.ActiveCfg = Release|Win32
		{474EF2A1-368C-4625-B8F4-9DF3A0F4EB59}.Release.Build.0 = Release|Win32
		{D9E27164-462C-4C2A-9F5B-CE11B48D8F6E}.Debug.ActiveCfg = Debug|Win32
		{D9E27164-462C-4C2A-9F5B-CE11B48D8F6E}.Debug.Build.0 = Debug|Win32
		{D9E27164-462C-4C2A-9F5B-CE11B48D8F6E}.Release.ActiveCfg = Release|Win32
		{D9E27164-462C-4C2A-9F5B-CE11B48D8F6E}.Release.Build.0 = Release|Win32
		{26E76A0D-6DC4-4BD5-81C1-B6346DF707E2}.Debug.ActiveCfg = Debug|Win32
		{26E76A0D-6DC4-4BD5-81C1-B6346DF707E2}.Debug.Build.0 = Debug|Win32
		{26E76A0D-6DC4-4BD5-81C1-B6346DF707E2}.Release.ActiveCfg = Release|Win32
		{26E76A0D-6DC4-4BD5-81C1-B6346DF707E2}.Release.Build.0 = Release|Win32
		{F58359E1-B0E9-4D8B-BC36-06A7265DF59A}.Debug.ActiveCfg = Debug|Win32
		{F58359E1-B0E9-4D8B-BC36-06A7265DF59A}.Debug.Build.0 = Debug|Win32
		{F58359E1-B0E9-4D8B-BC36-06A7265DF59A}.Release.ActiveCfg = Release|Win32
		{F58359E1-B0E9-4D8B-BC36-06A7265DF59A}.Release.Build.0 = Release|Win32
		{0F527E7E-B87B-4A95-A1F3-F7FBAA11B5DA}.Debug.ActiveCfg = Debug|Win32
		{0F527E7E-B87B-4A95-A1F3-F7FBAA11B5DA}.Debug.Build.0 = Debug|Win32
		{0F527E7E-B87B-4A95-A1F3-F7FBAA11B5DA}.Release.ActiveCfg = Release|Win32
		{0F527E7E-B87B-4A95-A1F3-F7FBAA11B5DA}.Release.Build.0 = Release|Win32
		{77BF0DA4-BFAF-4AF5-9BBF-6ECA03396ACD}.Debug.ActiveCfg = Debug|Win32
		{77BF0DA4-BFAF-4AF5-9BBF-6ECA03396ACD}.Debug.Build.0 = Debug|Win32
		{77BF0DA4-BFAF-4AF5-9BBF-6ECA03396ACD}.Release.ActiveCfg = Release|Win32
		{77BF0DA4-BFAF-4AF5-9BBF-6ECA03396ACD}.Release.Build.0 = Release|Win32
		{5588D5BB-98F6-43C7-B859-790AE2A9EAC0}.Debug.ActiveCfg = Debug|Win32
		{5588D5BB-98F6-43C7-B859-790AE2A9EAC0}.Debug.Build.0 = Debug|Win32
		{5588D5BB-98F6-43C7-B859-790AE2A9EAC0}.Release.ActiveCfg = Release|Win32
		{5588D5BB-98F6-43C7-B859-790AE2A9EAC0}.Release.Build.0 = Release|Win32
		{ECBC8BDE-79E3-4513-8867-E70B2A392A15}.Debug.ActiveCfg = Debug|Win32
		{ECBC8BDE-79E3-4513-8867-E70B2A392A15}.Debug.Build.0 = Debug|Win32
		{ECBC8BDE-79E3-4513-8867-E70B2A392A15}.Release.ActiveCfg = Release|Win32
		{ECBC8BDE-79E3-4513-8867-E70B2A392A15}.Release.Build.0 = Release|Win32
		{ED3B0789-A835-4280-9035-B9A1F928CE69}.Debug.ActiveCfg = Debug|Win32
		{ED3B0789-A835-4280-9035-B9A1F928CE69}.Debug.Build.0 = Debug|Win32
		{ED3B0789-A835-4280-9035-B9A1F928CE69}.Release.ActiveCfg = Release|Win32
		{ED3B0789-A835-4280-9035-B9A1F928CE69}.Release.Build.0 = Release|Win32
		{C6852A19-C3B3-4D99-B254-F75709BD0596}.Debug.ActiveCfg = Debug|Win32
		{C6852A19-C3B3-4D99-B254-F75709BD0596}.Debug.Build.0 = Debug|Win32
		{C6852A19-C3B3-4D99-B254-F75709BD0596}.Release.ActiveCfg = Release|Win32
		{C6852A19-C3B3-4D99-B254-F75709BD0596}.Release.Build.0 = Release|Win32
		{24CF9F55-F503-40A0-8E51-128778EF3C5A}.Debug.ActiveCfg = Debug|Win32
		{24CF9F55-F503-40A0-8E51-128778EF3C5A}.Debug.Build.0 = Debug|Win32
		{24CF9F55-F503-40A0-8E51-128778EF3C5A}.Release.ActiveCfg = Release|Win32
		{24CF9F55-F503-40A0-8E51-128778EF3C5A}.Release.Build.0 = Release|Win32
		{AEB0CF8F-D349-482D-8069-24E17F902521}.Debug.ActiveCfg = Debug|Win32
		{AEB0CF8F-D349-482D-8069-24E17F902521}.Debug.Build.0 = Debug|Win32
		{AEB0CF8F-D349-482D-8069-24E17F902521}.Release.ActiveCfg = Release|Win32
		{AEB0CF8F-D349-482D-8069-24E17F902521}.Release.Build.0 = Release|Win32
		{DA6905CA-88E6-4AC5-9B62-1A077D30DE3C}.Debug.ActiveCfg = Debug|Win32
		{DA6905CA-88E6-4AC5-9B62-1A077D30DE3C}.Debug.Build.0 = Debug|Win32
		{DA6905CA-88E6-4AC5-9B62-1A077D30DE3C}.Release.ActiveCfg = Release|Win32
		{DA6905CA-88E6-4AC5-9B62-1A077D30DE3C}.Release.Build.0 = Release|Win32
		{435FE4A8-3474-45C3-84D5-250F335BD014}.Debug.ActiveCfg = Debug|Win32
		{435FE4A8-3474-45C3-84D5-250F335BD014}.Debug.Build.0 = Debug|Win32
		{435FE4A8-3474-45C3-84D5-250F335BD014}.Release.ActiveCfg = Release|Win32
		{435FE4A8-3474-45C3-84D5-250F335BD014}.Release.Build.0 = Release|Win32
		{A3D5490B-114F-450F-8BBF-9265193C96F5}.Debug.ActiveCfg = Debug|Win32
		{A3D5490B-114F-450F-8BBF-9265193C96F5}.Debug.Build.0 = Debug|Win32
		{A3D5490B-114F-450F-8BBF-9265193C96F5}.Release.ActiveCfg = Release|Win32
		{A3D5490B-114F-450F-8BBF-9265193C96F5}.Release.Build.0 = Release|Win32
		{203F8122-E1D8-4C34-900B-31F630D7C6AC}.Debug.ActiveCfg = Debug|Win32
		{203F8122-E1D8-4C34-900B-31F630D7C6AC}.Debug.Build.0 = Debug|Win32
		{203F8122-E1D8-4C34-900B-31F630D7C6AC}.Release.ActiveCfg = Release|Win32
		{203F8122-E1D8-4C34-900B-31F630D7C6AC}.Release.Build.0 = Release|Win32
		{2E9A1089-6834-4CA6-B087-250DAA98DC46}.Debug.ActiveCfg = Debug|Win32
		{2E9A1089-6834-4CA6-B087-250DAA98DC46}.Debug.Build.0 = Debug|Win32
		{2E9A1089-6834-4CA6-B087-250DAA98DC46}.Release.ActiveCfg = Release|Win32
		{2E9A1089-6834-4CA6-B087-250DAA98DC46}.Release.Build.0 = Release|Win32
		{52635453-0FF6-48F4-965F-C8D3473CC969}.Debug.ActiveCfg = Debug|Win32
		{52635453-0FF6-48F4-965F-C8D3473CC969}.Debug.Build.0 = Debug|Win32
		{52635453-0FF6-48F4-965F-C8D3473CC969}.Release.ActiveCfg = Release|Win32
		{52635453-0FF6-48F4-965F-C8D3473CC969}.Release.Build.0 = Release|Win32
		{9A649AF4-5498-4C91-94C1-8130DAE4B277}.Debug.ActiveCfg = Debug|Win32
		{9A649AF4-5498-4C91-94C1-8130DAE4B277}.Debug.Build.0 = Debug|Win32
		{9A649AF4-5498-4C91-94C1-8130DAE4B277}.Release.ActiveCfg = Release|Win32
		{9A649AF4-5498-4C91-94C1-8130DAE4B277}.Release.Build.0 = Release|Win32
		{28B04811-FCF6-45D5-B8A9-BF50863CE7CB}.Debug.ActiveCfg = Debug|Win32
		{28B04811-FCF6-45D5-B8A9-BF50863CE7CB}.Debug.Build.0 = Debug|Win32
		{28B04811-FCF6-45D5-B8A9-BF50863CE7CB}.Release.ActiveCfg = Release|Win32
		{28B04811-FCF6-45D5-B8A9-BF50863CE7CB}.Release.Build.0 = Release|Win32
		{2BDD6D30-B750-49DE-927C-9210FAAD467D}.Debug.ActiveCfg = Debug|Win32
		{2BDD6D30-B750-49DE-927C-9210FAAD467D}.Debug.Build.0 = Debug|Win32
		{2BDD6D30-B750-49DE-927C-9210FAAD467D}.Release.ActiveCfg = Release|Win32
		{2BDD6D30-B750-49DE-927C-9210FAAD467D}.Release.Build.0 = Release|Win32
		{C8DF2B4E-7343-451B-BA0C-36BAF061EE69}.Debug.ActiveCfg = Debug|Win32
		{C8DF2B4E-7343-451B-BA0C-36BAF061EE69}.Debug.Build.0 = Debug|Win32
		{C8DF2B4E-7343-451B-BA0C-36BAF061EE69}.Release.ActiveCfg = Release|Win32
		{C8DF2B4E-7343-451B-BA0C-36BAF061EE69}.Release.Build.0 = Release|Win32
		{B18AC9F8-7D2B-4B89-8166-549EF5C90AC5}.Debug.ActiveCfg = Debug|Win32
		{B18AC9F8-7D2B-4B89-8166-549EF5C90AC5}.Debug.Build.0 = Debug|Win32
		{B18AC9F8-7D2B-4B89-8166-549EF5C90AC5}.Release.ActiveCfg = Release|Win32
		{B18AC9F8-7D2B-4B89-8166-549EF5C90AC5}.Release.Build.0 = Release|Win32
		{733A73BB-02D8-48FA-BAAE-2FF2D6DB7D33}.Debug.ActiveCfg = Debug|Win32
		{733A73BB-02D8-48FA-BAAE-2FF2D6DB7D33}.Debug.Build.0 = Debug|Win32
		{733A73BB-02D8-48FA-BAAE-2FF2D6DB7D33}.Release.ActiveCfg = Release|Win32
		{733A73BB-02D8-48FA-BAAE-2FF2D6DB7D33}.Release.Build.0 = Release|Win32
		{926E8DE0-FB82-4572-ACAE-71305B555572}.Debug.ActiveCfg = Debug|Win32
		{926E8DE0-FB82-4572-ACAE-71305B555572}.Debug.Build.0 = Debug|Win32
		{926E8DE0-FB82-4572-ACAE-71305B555572}.Release.ActiveCfg = Release|Win32
		{926E8DE0-FB82-4572-ACAE-71305B555572}.Release.Build.0 = Release|Win32
		{25D18C13-E524-4F07-8235-66A49A1610F5}.Debug.ActiveCfg = Debug|Win32
		{25D18C13-E524-4F07-8235-66A49A1610F5}.Debug.Build.0 = Debug|Win32
		{25D18C13-E524-4F07-8235-66A49A1610F5}.Release.ActiveCfg = Release|Win32
		{25D18C13-E524-4F07-8235-66A49A1610F5}.Release.Build.0 = Release|Win32
		{D07F3AC4-2C80-477E-B885-08BDF5D865E0}.Debug.ActiveCfg = Debug|Win32
		{D07F3AC4-2C80-477E-B885-08BDF5D865E0}.Debug.Build.0 = Debug|Win32
		{D07F3AC4-2C80-477E-B885-08BDF5D865E0}.Release.ActiveCfg = Release|Win32
		{D07F3AC4-2C80-477E-B885-08BDF5D865E0}.Release.Build.0 = Release|Win32
	EndGlobalSection
	GlobalSection(ExtensibilityGlobals) = postSolution
	EndGlobalSection
	GlobalSection(ExtensibilityAddIns) = postSolution
	EndGlobalSection
EndGlobal
